// !$*UTF8*$!
{
	archiveVersion = 1;
	classes = {
	};
	objectVersion = 46;
	objects = {

/* Begin PBXBuildFile section */
		890759951A0B110B000A30DA /* main.m in Sources */ = {isa = PBXBuildFile; fileRef = 890759941A0B110B000A30DA /* main.m */; };
		890759981A0B110B000A30DA /* AppDelegate.m in Sources */ = {isa = PBXBuildFile; fileRef = 890759971A0B110B000A30DA /* AppDelegate.m */; };
		8907599B1A0B110B000A30DA /* RootViewController.m in Sources */ = {isa = PBXBuildFile; fileRef = 8907599A1A0B110B000A30DA /* RootViewController.m */; };
		8907599E1A0B110B000A30DA /* DataViewController.m in Sources */ = {isa = PBXBuildFile; fileRef = 8907599D1A0B110B000A30DA /* DataViewController.m */; };
		890759A11A0B110B000A30DA /* ModelController.m in Sources */ = {isa = PBXBuildFile; fileRef = 890759A01A0B110B000A30DA /* ModelController.m */; };
		890759A41A0B110B000A30DA /* Main.storyboard in Resources */ = {isa = PBXBuildFile; fileRef = 890759A21A0B110B000A30DA /* Main.storyboard */; };
		890759A91A0B110B000A30DA /* LaunchScreen.xib in Resources */ = {isa = PBXBuildFile; fileRef = 890759A71A0B110B000A30DA /* LaunchScreen.xib */; };
		890759C91A159B4F000A30DA /* ForgotPasswordViewController.m in Sources */ = {isa = PBXBuildFile; fileRef = 890759C81A159B4F000A30DA /* ForgotPasswordViewController.m */; };
		890759CC1A159BBC000A30DA /* RegisterOneViewController.m in Sources */ = {isa = PBXBuildFile; fileRef = 890759CB1A159BBC000A30DA /* RegisterOneViewController.m */; };
		890759CF1A159BDB000A30DA /* RegisterTwoViewController.m in Sources */ = {isa = PBXBuildFile; fileRef = 890759CE1A159BDB000A30DA /* RegisterTwoViewController.m */; };
		890759D21A159BF0000A30DA /* RegisterThreeViewController.m in Sources */ = {isa = PBXBuildFile; fileRef = 890759D11A159BF0000A30DA /* RegisterThreeViewController.m */; };
		890759D51A159C23000A30DA /* AddStudentViewController.m in Sources */ = {isa = PBXBuildFile; fileRef = 890759D41A159C23000A30DA /* AddStudentViewController.m */; };
		890759D81A159C43000A30DA /* AddParentViewController.m in Sources */ = {isa = PBXBuildFile; fileRef = 890759D71A159C43000A30DA /* AddParentViewController.m */; };
		890759E11A159CAF000A30DA /* ParentViewViewController.m in Sources */ = {isa = PBXBuildFile; fileRef = 890759DF1A159CAF000A30DA /* ParentViewViewController.m */; };
		89088C201B3C58F600F2CDC7 /* AddBehaviorViewController.m in Sources */ = {isa = PBXBuildFile; fileRef = 89088C1F1B3C58F600F2CDC7 /* AddBehaviorViewController.m */; };
		8936AC5C1C0CCD41001844A8 /* CustomModalSegue.m in Sources */ = {isa = PBXBuildFile; fileRef = 8936AC5B1C0CCD41001844A8 /* CustomModalSegue.m */; };
		893BD49E1B5565B400DCB3E0 /* AppIcon-29-29.png in Resources */ = {isa = PBXBuildFile; fileRef = 893BD4991B5565B400DCB3E0 /* AppIcon-29-29.png */; };
		893BD49F1B5565B400DCB3E0 /* AppIcon-76x76.png in Resources */ = {isa = PBXBuildFile; fileRef = 893BD49A1B5565B400DCB3E0 /* AppIcon-76x76.png */; };
		893BD4A01B5565B400DCB3E0 /* AppIcon-120x120.png in Resources */ = {isa = PBXBuildFile; fileRef = 893BD49B1B5565B400DCB3E0 /* AppIcon-120x120.png */; };
		893BD4A11B5565B400DCB3E0 /* AppIcon-152x152.png in Resources */ = {isa = PBXBuildFile; fileRef = 893BD49C1B5565B400DCB3E0 /* AppIcon-152x152.png */; };
		893BD4A21B5565B400DCB3E0 /* AppIcon-180-180.png in Resources */ = {isa = PBXBuildFile; fileRef = 893BD49D1B5565B400DCB3E0 /* AppIcon-180-180.png */; };
		893BD4BA1B5586DC00DCB3E0 /* Contents.json in Resources */ = {isa = PBXBuildFile; fileRef = 893BD4A51B5586DC00DCB3E0 /* Contents.json */; };
		893BD4BB1B5586DC00DCB3E0 /* Icon-40.png in Resources */ = {isa = PBXBuildFile; fileRef = 893BD4A61B5586DC00DCB3E0 /* Icon-40.png */; };
		893BD4BC1B5586DC00DCB3E0 /* Icon-40@2x.png in Resources */ = {isa = PBXBuildFile; fileRef = 893BD4A71B5586DC00DCB3E0 /* Icon-40@2x.png */; };
		893BD4BD1B5586DC00DCB3E0 /* Icon-40@3x.png in Resources */ = {isa = PBXBuildFile; fileRef = 893BD4A81B5586DC00DCB3E0 /* Icon-40@3x.png */; };
		893BD4BE1B5586DC00DCB3E0 /* Icon-60@2x.png in Resources */ = {isa = PBXBuildFile; fileRef = 893BD4A91B5586DC00DCB3E0 /* Icon-60@2x.png */; };
		893BD4BF1B5586DC00DCB3E0 /* Icon-60@3x.png in Resources */ = {isa = PBXBuildFile; fileRef = 893BD4AA1B5586DC00DCB3E0 /* Icon-60@3x.png */; };
		893BD4C01B5586DC00DCB3E0 /* Icon-76.png in Resources */ = {isa = PBXBuildFile; fileRef = 893BD4AB1B5586DC00DCB3E0 /* Icon-76.png */; };
		893BD4C11B5586DC00DCB3E0 /* Icon-76@2x.png in Resources */ = {isa = PBXBuildFile; fileRef = 893BD4AC1B5586DC00DCB3E0 /* Icon-76@2x.png */; };
		893BD4C21B5586DC00DCB3E0 /* Icon-Small.png in Resources */ = {isa = PBXBuildFile; fileRef = 893BD4AD1B5586DC00DCB3E0 /* Icon-Small.png */; };
		893BD4C31B5586DC00DCB3E0 /* Icon-Small@2x.png in Resources */ = {isa = PBXBuildFile; fileRef = 893BD4AE1B5586DC00DCB3E0 /* Icon-Small@2x.png */; };
		893BD4C41B5586DC00DCB3E0 /* Icon-Small@3x.png in Resources */ = {isa = PBXBuildFile; fileRef = 893BD4AF1B5586DC00DCB3E0 /* Icon-Small@3x.png */; };
		893BD4C51B5586DC00DCB3E0 /* Icon-60.png in Resources */ = {isa = PBXBuildFile; fileRef = 893BD4B01B5586DC00DCB3E0 /* Icon-60.png */; };
		893BD4C61B5586DC00DCB3E0 /* Icon-72.png in Resources */ = {isa = PBXBuildFile; fileRef = 893BD4B11B5586DC00DCB3E0 /* Icon-72.png */; };
		893BD4C71B5586DC00DCB3E0 /* Icon-72@2x.png in Resources */ = {isa = PBXBuildFile; fileRef = 893BD4B21B5586DC00DCB3E0 /* Icon-72@2x.png */; };
		893BD4C81B5586DC00DCB3E0 /* Icon-Small-50.png in Resources */ = {isa = PBXBuildFile; fileRef = 893BD4B31B5586DC00DCB3E0 /* Icon-Small-50.png */; };
		893BD4C91B5586DC00DCB3E0 /* Icon-Small-50@2x.png in Resources */ = {isa = PBXBuildFile; fileRef = 893BD4B41B5586DC00DCB3E0 /* Icon-Small-50@2x.png */; };
		893BD4CA1B5586DC00DCB3E0 /* Icon.png in Resources */ = {isa = PBXBuildFile; fileRef = 893BD4B51B5586DC00DCB3E0 /* Icon.png */; };
		893BD4CB1B5586DC00DCB3E0 /* Icon@2x.png in Resources */ = {isa = PBXBuildFile; fileRef = 893BD4B61B5586DC00DCB3E0 /* Icon@2x.png */; };
		893BD4CC1B5586DC00DCB3E0 /* iTunesArtwork.png in Resources */ = {isa = PBXBuildFile; fileRef = 893BD4B71B5586DC00DCB3E0 /* iTunesArtwork.png */; };
		893BD4CD1B5586DC00DCB3E0 /* iTunesArtwork@2x.png in Resources */ = {isa = PBXBuildFile; fileRef = 893BD4B81B5586DC00DCB3E0 /* iTunesArtwork@2x.png */; };
		893BD4CE1B5586DC00DCB3E0 /* README.md in Sources */ = {isa = PBXBuildFile; fileRef = 893BD4B91B5586DC00DCB3E0 /* README.md */; };
		893BD4CF1B55898300DCB3E0 /* Images.xcassets in Resources */ = {isa = PBXBuildFile; fileRef = 890759A51A0B110B000A30DA /* Images.xcassets */; };
		893BD4D71B55BF8E00DCB3E0 /* JBBarChartView.m in Sources */ = {isa = PBXBuildFile; fileRef = 893BD4D21B55BF8E00DCB3E0 /* JBBarChartView.m */; };
		893BD4D81B55BF8E00DCB3E0 /* JBChartView.m in Sources */ = {isa = PBXBuildFile; fileRef = 893BD4D41B55BF8E00DCB3E0 /* JBChartView.m */; };
		893BD4D91B55BF8E00DCB3E0 /* JBLineChartView.m in Sources */ = {isa = PBXBuildFile; fileRef = 893BD4D61B55BF8E00DCB3E0 /* JBLineChartView.m */; };
		89442F671ABDD589007CEDFE /* FeedbackViewController.m in Sources */ = {isa = PBXBuildFile; fileRef = 89442F661ABDD589007CEDFE /* FeedbackViewController.m */; };
		89442F6A1ABF032C007CEDFE /* StudentStatusViewController.m in Sources */ = {isa = PBXBuildFile; fileRef = 89442F691ABF032C007CEDFE /* StudentStatusViewController.m */; };
		89442F6F1ABF10B7007CEDFE /* UserUIBarButtonItem.m in Sources */ = {isa = PBXBuildFile; fileRef = 89442F6E1ABF10B7007CEDFE /* UserUIBarButtonItem.m */; };
		8959E9931BEFF0070016BDBE /* NSData+LQData.m in Sources */ = {isa = PBXBuildFile; fileRef = 8959E9631BEFF0070016BDBE /* NSData+LQData.m */; };
		8959E9941BEFF0070016BDBE /* NSDateFormatter+LQDateFormatter.m in Sources */ = {isa = PBXBuildFile; fileRef = 8959E9651BEFF0070016BDBE /* NSDateFormatter+LQDateFormatter.m */; };
		8959E9951BEFF0070016BDBE /* NSString+LQString.m in Sources */ = {isa = PBXBuildFile; fileRef = 8959E9671BEFF0070016BDBE /* NSString+LQString.m */; };
		8959E9961BEFF0070016BDBE /* UIColor+LQColor.m in Sources */ = {isa = PBXBuildFile; fileRef = 8959E9691BEFF0070016BDBE /* UIColor+LQColor.m */; };
		8959E9971BEFF0070016BDBE /* Liquid.m in Sources */ = {isa = PBXBuildFile; fileRef = 8959E96C1BEFF0070016BDBE /* Liquid.m */; };
		8959E9981BEFF0070016BDBE /* LQHelpers.m in Sources */ = {isa = PBXBuildFile; fileRef = 8959E96F1BEFF0070016BDBE /* LQHelpers.m */; };
		8959E9991BEFF0070016BDBE /* LQKeychain.m in Sources */ = {isa = PBXBuildFile; fileRef = 8959E9711BEFF0070016BDBE /* LQKeychain.m */; };
		8959E99A1BEFF0070016BDBE /* LQNetworking.m in Sources */ = {isa = PBXBuildFile; fileRef = 8959E9731BEFF0070016BDBE /* LQNetworking.m */; };
		8959E99B1BEFF0070016BDBE /* LQStorage.m in Sources */ = {isa = PBXBuildFile; fileRef = 8959E9751BEFF0070016BDBE /* LQStorage.m */; };
		8959E99C1BEFF0070016BDBE /* LQUserDefaults.m in Sources */ = {isa = PBXBuildFile; fileRef = 8959E9771BEFF0070016BDBE /* LQUserDefaults.m */; };
		8959E99D1BEFF0070016BDBE /* LQDataPoint.m in Sources */ = {isa = PBXBuildFile; fileRef = 8959E97A1BEFF0070016BDBE /* LQDataPoint.m */; };
		8959E99E1BEFF0070016BDBE /* LQDate.m in Sources */ = {isa = PBXBuildFile; fileRef = 8959E97C1BEFF0070016BDBE /* LQDate.m */; };
		8959E99F1BEFF0070016BDBE /* LQDevice.m in Sources */ = {isa = PBXBuildFile; fileRef = 8959E97E1BEFF0070016BDBE /* LQDevice.m */; };
		8959E9A01BEFF0070016BDBE /* LQEntity.m in Sources */ = {isa = PBXBuildFile; fileRef = 8959E9801BEFF0070016BDBE /* LQEntity.m */; };
		8959E9A11BEFF0070016BDBE /* LQEvent.m in Sources */ = {isa = PBXBuildFile; fileRef = 8959E9821BEFF0070016BDBE /* LQEvent.m */; };
		8959E9A21BEFF0070016BDBE /* LQKeychainItem.m in Sources */ = {isa = PBXBuildFile; fileRef = 8959E9841BEFF0070016BDBE /* LQKeychainItem.m */; };
		8959E9A31BEFF0070016BDBE /* LQLiquidPackage.m in Sources */ = {isa = PBXBuildFile; fileRef = 8959E9861BEFF0070016BDBE /* LQLiquidPackage.m */; };
		8959E9A41BEFF0070016BDBE /* LQRequest.m in Sources */ = {isa = PBXBuildFile; fileRef = 8959E9881BEFF0070016BDBE /* LQRequest.m */; };
		8959E9A51BEFF0070016BDBE /* LQSession.m in Sources */ = {isa = PBXBuildFile; fileRef = 8959E98A1BEFF0070016BDBE /* LQSession.m */; };
		8959E9A61BEFF0070016BDBE /* LQTarget.m in Sources */ = {isa = PBXBuildFile; fileRef = 8959E98C1BEFF0070016BDBE /* LQTarget.m */; };
		8959E9A71BEFF0070016BDBE /* LQUser.m in Sources */ = {isa = PBXBuildFile; fileRef = 8959E98E1BEFF0070016BDBE /* LQUser.m */; };
		8959E9A81BEFF0070016BDBE /* LQValue.m in Sources */ = {isa = PBXBuildFile; fileRef = 8959E9901BEFF0070016BDBE /* LQValue.m */; };
		8959E9A91BEFF0070016BDBE /* LQVariable.m in Sources */ = {isa = PBXBuildFile; fileRef = 8959E9921BEFF0070016BDBE /* LQVariable.m */; };
		8959E9AB1BF8E3490016BDBE /* DeviceUID.m in Sources */ = {isa = PBXBuildFile; fileRef = 8959E9AA1BF8E3490016BDBE /* DeviceUID.m */; };
		8959E9B01BFB87C20016BDBE /* StudentViewController.m in Sources */ = {isa = PBXBuildFile; fileRef = 8959E9AF1BFB87C20016BDBE /* StudentViewController.m */; };
		8986916F1A5313C9009E8F52 /* RegisterFourViewController.m in Sources */ = {isa = PBXBuildFile; fileRef = 8986916E1A5313C9009E8F52 /* RegisterFourViewController.m */; };
		89AF63061AA9E6A10022F035 /* listastic-2014.png in Resources */ = {isa = PBXBuildFile; fileRef = 89AF63051AA9E6A10022F035 /* listastic-2014.png */; };
		89B6F5851B2DD7F200CE7C06 /* TeacherIpadMainViewController.m in Sources */ = {isa = PBXBuildFile; fileRef = 89B6F5841B2DD7F200CE7C06 /* TeacherIpadMainViewController.m */; };
		89C0B91A1AE1BF6D0059F9D8 /* User.m in Sources */ = {isa = PBXBuildFile; fileRef = 89C0B9191AE1BF6D0059F9D8 /* User.m */; };
		89C0B91D1AE2A4D60059F9D8 /* Feedback.m in Sources */ = {isa = PBXBuildFile; fileRef = 89C0B91C1AE2A4D60059F9D8 /* Feedback.m */; };
		89C8549C1AD08B8A00740DB3 /* RestController.m in Sources */ = {isa = PBXBuildFile; fileRef = 89C8549B1AD08B8A00740DB3 /* RestController.m */; };
		89C8549F1AD7336100740DB3 /* ManageStudentViewController.m in Sources */ = {isa = PBXBuildFile; fileRef = 89C8549E1AD7336100740DB3 /* ManageStudentViewController.m */; };
		89CD4EF81ABF98EC002B20D0 /* StudentBehaviors.m in Sources */ = {isa = PBXBuildFile; fileRef = 89CD4EF71ABF98EC002B20D0 /* StudentBehaviors.m */; };
		89CD4EFB1AC0E741002B20D0 /* Comments.m in Sources */ = {isa = PBXBuildFile; fileRef = 89CD4EFA1AC0E741002B20D0 /* Comments.m */; };
		89D277AC1AC7830200673CC2 /* StudentMainView.m in Sources */ = {isa = PBXBuildFile; fileRef = 89D277AB1AC7830200673CC2 /* StudentMainView.m */; };
		89D327541A956C4300CF3214 /* SyncService.m in Sources */ = {isa = PBXBuildFile; fileRef = 89D327531A956C4300CF3214 /* SyncService.m */; };
		89D327571A963FCD00CF3214 /* ReachabilityViewController.m in Sources */ = {isa = PBXBuildFile; fileRef = 89D327561A963FCD00CF3214 /* ReachabilityViewController.m */; };
		89D3275A1A96435900CF3214 /* Reachability.m in Sources */ = {isa = PBXBuildFile; fileRef = 89D327591A96435900CF3214 /* Reachability.m */; };
		89D3275D1A968A4D00CF3214 /* ClassroomStudents.m in Sources */ = {isa = PBXBuildFile; fileRef = 89D3275C1A968A4D00CF3214 /* ClassroomStudents.m */; };
		89D327601A968A4E00CF3214 /* ClassroomBehaviors.m in Sources */ = {isa = PBXBuildFile; fileRef = 89D3275F1A968A4E00CF3214 /* ClassroomBehaviors.m */; };
		89D327631A968A4E00CF3214 /* Classroom.m in Sources */ = {isa = PBXBuildFile; fileRef = 89D327621A968A4E00CF3214 /* Classroom.m */; };
		89D327661A968A4E00CF3214 /* IntervalEnum.m in Sources */ = {isa = PBXBuildFile; fileRef = 89D327651A968A4E00CF3214 /* IntervalEnum.m */; };
		89D327691A968A4E00CF3214 /* UserCookie.m in Sources */ = {isa = PBXBuildFile; fileRef = 89D327681A968A4E00CF3214 /* UserCookie.m */; };
		89D3276C1A968A4F00CF3214 /* Status.m in Sources */ = {isa = PBXBuildFile; fileRef = 89D3276B1A968A4F00CF3214 /* Status.m */; };
		89D3276F1A968A4F00CF3214 /* StatusEnums.m in Sources */ = {isa = PBXBuildFile; fileRef = 89D3276E1A968A4F00CF3214 /* StatusEnums.m */; };
		89D327751A968A4F00CF3214 /* PaidEnum.m in Sources */ = {isa = PBXBuildFile; fileRef = 89D327741A968A4F00CF3214 /* PaidEnum.m */; };
		89D327781A968A4F00CF3214 /* Behaviors.m in Sources */ = {isa = PBXBuildFile; fileRef = 89D327771A968A4F00CF3214 /* Behaviors.m */; };
		89D3277B1A968A4F00CF3214 /* ClassroomParents.m in Sources */ = {isa = PBXBuildFile; fileRef = 89D3277A1A968A4F00CF3214 /* ClassroomParents.m */; };
		89D3277E1A968A4F00CF3214 /* UserRoleEnums.m in Sources */ = {isa = PBXBuildFile; fileRef = 89D3277D1A968A4F00CF3214 /* UserRoleEnums.m */; };
		89D3611D1A2366700002EF25 /* DebugViewController.m in Sources */ = {isa = PBXBuildFile; fileRef = 89D3611C1A2366700002EF25 /* DebugViewController.m */; };
		89DA45DF1A5860F000F7E23D /* TeacherMainViewController.m in Sources */ = {isa = PBXBuildFile; fileRef = 89DA45DE1A5860F000F7E23D /* TeacherMainViewController.m */; };
		89DA45E21A59994F00F7E23D /* AvatarViewController.m in Sources */ = {isa = PBXBuildFile; fileRef = 89DA45E11A59994F00F7E23D /* AvatarViewController.m */; };
		89F2F6EF1A5C9523001B0D17 /* CommentViewController.m in Sources */ = {isa = PBXBuildFile; fileRef = 89F2F6EE1A5C9523001B0D17 /* CommentViewController.m */; };
		89F2F6F11A605967001B0D17 /* CoreData.framework in Frameworks */ = {isa = PBXBuildFile; fileRef = 89F2F6F01A605967001B0D17 /* CoreData.framework */; settings = {ATTRIBUTES = (Required, ); }; };
		89F2F6F41A605A93001B0D17 /* AppDataModel.xcdatamodeld in Sources */ = {isa = PBXBuildFile; fileRef = 89F2F6F21A605A93001B0D17 /* AppDataModel.xcdatamodeld */; };
		89F4A7C91AC6E38600F2203F /* App.m in Sources */ = {isa = PBXBuildFile; fileRef = 89F4A7C81AC6E38600F2203F /* App.m */; };
		89FD8FD61B7D250600969754 /* IPhone5MainViewController.m in Sources */ = {isa = PBXBuildFile; fileRef = 89FD8FD51B7D250600969754 /* IPhone5MainViewController.m */; };
/* End PBXBuildFile section */

/* Begin PBXFileReference section */
		8907598F1A0B110B000A30DA /* Homeroom.app */ = {isa = PBXFileReference; explicitFileType = wrapper.application; includeInIndex = 0; path = Homeroom.app; sourceTree = BUILT_PRODUCTS_DIR; };
		890759931A0B110B000A30DA /* Info.plist */ = {isa = PBXFileReference; lastKnownFileType = text.plist.xml; path = Info.plist; sourceTree = "<group>"; };
		890759941A0B110B000A30DA /* main.m */ = {isa = PBXFileReference; lastKnownFileType = sourcecode.c.objc; path = main.m; sourceTree = "<group>"; };
		890759961A0B110B000A30DA /* AppDelegate.h */ = {isa = PBXFileReference; lastKnownFileType = sourcecode.c.h; path = AppDelegate.h; sourceTree = "<group>"; };
		890759971A0B110B000A30DA /* AppDelegate.m */ = {isa = PBXFileReference; lastKnownFileType = sourcecode.c.objc; path = AppDelegate.m; sourceTree = "<group>"; };
		890759991A0B110B000A30DA /* RootViewController.h */ = {isa = PBXFileReference; lastKnownFileType = sourcecode.c.h; path = RootViewController.h; sourceTree = "<group>"; };
		8907599A1A0B110B000A30DA /* RootViewController.m */ = {isa = PBXFileReference; lastKnownFileType = sourcecode.c.objc; path = RootViewController.m; sourceTree = "<group>"; };
		8907599C1A0B110B000A30DA /* DataViewController.h */ = {isa = PBXFileReference; lastKnownFileType = sourcecode.c.h; path = DataViewController.h; sourceTree = "<group>"; };
		8907599D1A0B110B000A30DA /* DataViewController.m */ = {isa = PBXFileReference; lastKnownFileType = sourcecode.c.objc; path = DataViewController.m; sourceTree = "<group>"; };
		8907599F1A0B110B000A30DA /* ModelController.h */ = {isa = PBXFileReference; lastKnownFileType = sourcecode.c.h; path = ModelController.h; sourceTree = "<group>"; };
		890759A01A0B110B000A30DA /* ModelController.m */ = {isa = PBXFileReference; lastKnownFileType = sourcecode.c.objc; path = ModelController.m; sourceTree = "<group>"; };
		890759A31A0B110B000A30DA /* Base */ = {isa = PBXFileReference; lastKnownFileType = file.storyboard; name = Base; path = Base.lproj/Main.storyboard; sourceTree = "<group>"; };
		890759A51A0B110B000A30DA /* Images.xcassets */ = {isa = PBXFileReference; lastKnownFileType = folder.assetcatalog; name = Images.xcassets; path = BMTS/Images.xcassets; sourceTree = SOURCE_ROOT; };
		890759A81A0B110B000A30DA /* Base */ = {isa = PBXFileReference; lastKnownFileType = file.xib; name = Base; path = Base.lproj/LaunchScreen.xib; sourceTree = "<group>"; };
		890759AE1A0B110B000A30DA /* HomeroomTests.xctest */ = {isa = PBXFileReference; explicitFileType = wrapper.cfbundle; includeInIndex = 0; path = HomeroomTests.xctest; sourceTree = BUILT_PRODUCTS_DIR; };
		890759B31A0B110B000A30DA /* Info.plist */ = {isa = PBXFileReference; lastKnownFileType = text.plist.xml; path = Info.plist; sourceTree = "<group>"; };
		890759B41A0B110B000A30DA /* BMTSTests.m */ = {isa = PBXFileReference; lastKnownFileType = sourcecode.c.objc; path = BMTSTests.m; sourceTree = "<group>"; };
		890759C71A159B4F000A30DA /* ForgotPasswordViewController.h */ = {isa = PBXFileReference; fileEncoding = 4; lastKnownFileType = sourcecode.c.h; path = ForgotPasswordViewController.h; sourceTree = "<group>"; };
		890759C81A159B4F000A30DA /* ForgotPasswordViewController.m */ = {isa = PBXFileReference; fileEncoding = 4; lastKnownFileType = sourcecode.c.objc; path = ForgotPasswordViewController.m; sourceTree = "<group>"; };
		890759CA1A159BBC000A30DA /* RegisterOneViewController.h */ = {isa = PBXFileReference; fileEncoding = 4; lastKnownFileType = sourcecode.c.h; path = RegisterOneViewController.h; sourceTree = "<group>"; };
		890759CB1A159BBC000A30DA /* RegisterOneViewController.m */ = {isa = PBXFileReference; fileEncoding = 4; lastKnownFileType = sourcecode.c.objc; path = RegisterOneViewController.m; sourceTree = "<group>"; };
		890759CD1A159BDB000A30DA /* RegisterTwoViewController.h */ = {isa = PBXFileReference; fileEncoding = 4; lastKnownFileType = sourcecode.c.h; path = RegisterTwoViewController.h; sourceTree = "<group>"; };
		890759CE1A159BDB000A30DA /* RegisterTwoViewController.m */ = {isa = PBXFileReference; fileEncoding = 4; lastKnownFileType = sourcecode.c.objc; path = RegisterTwoViewController.m; sourceTree = "<group>"; };
		890759D01A159BF0000A30DA /* RegisterThreeViewController.h */ = {isa = PBXFileReference; fileEncoding = 4; lastKnownFileType = sourcecode.c.h; path = RegisterThreeViewController.h; sourceTree = "<group>"; };
		890759D11A159BF0000A30DA /* RegisterThreeViewController.m */ = {isa = PBXFileReference; fileEncoding = 4; lastKnownFileType = sourcecode.c.objc; path = RegisterThreeViewController.m; sourceTree = "<group>"; };
		890759D31A159C23000A30DA /* AddStudentViewController.h */ = {isa = PBXFileReference; fileEncoding = 4; lastKnownFileType = sourcecode.c.h; path = AddStudentViewController.h; sourceTree = "<group>"; };
		890759D41A159C23000A30DA /* AddStudentViewController.m */ = {isa = PBXFileReference; fileEncoding = 4; lastKnownFileType = sourcecode.c.objc; path = AddStudentViewController.m; sourceTree = "<group>"; wrapsLines = 0; };
		890759D61A159C43000A30DA /* AddParentViewController.h */ = {isa = PBXFileReference; fileEncoding = 4; lastKnownFileType = sourcecode.c.h; path = AddParentViewController.h; sourceTree = "<group>"; };
		890759D71A159C43000A30DA /* AddParentViewController.m */ = {isa = PBXFileReference; fileEncoding = 4; lastKnownFileType = sourcecode.c.objc; path = AddParentViewController.m; sourceTree = "<group>"; };
		890759DE1A159CAF000A30DA /* ParentViewViewController.h */ = {isa = PBXFileReference; fileEncoding = 4; lastKnownFileType = sourcecode.c.h; path = ParentViewViewController.h; sourceTree = "<group>"; };
		890759DF1A159CAF000A30DA /* ParentViewViewController.m */ = {isa = PBXFileReference; fileEncoding = 4; lastKnownFileType = sourcecode.c.objc; path = ParentViewViewController.m; sourceTree = "<group>"; };
		89088C1E1B3C58F600F2CDC7 /* AddBehaviorViewController.h */ = {isa = PBXFileReference; fileEncoding = 4; lastKnownFileType = sourcecode.c.h; path = AddBehaviorViewController.h; sourceTree = "<group>"; };
		89088C1F1B3C58F600F2CDC7 /* AddBehaviorViewController.m */ = {isa = PBXFileReference; fileEncoding = 4; lastKnownFileType = sourcecode.c.objc; path = AddBehaviorViewController.m; sourceTree = "<group>"; };
		8936AC5A1C0CCD41001844A8 /* CustomModalSegue.h */ = {isa = PBXFileReference; fileEncoding = 4; lastKnownFileType = sourcecode.c.h; path = CustomModalSegue.h; sourceTree = "<group>"; };
		8936AC5B1C0CCD41001844A8 /* CustomModalSegue.m */ = {isa = PBXFileReference; fileEncoding = 4; lastKnownFileType = sourcecode.c.objc; path = CustomModalSegue.m; sourceTree = "<group>"; };
		893BD4991B5565B400DCB3E0 /* AppIcon-29-29.png */ = {isa = PBXFileReference; lastKnownFileType = image.png; path = "AppIcon-29-29.png"; sourceTree = "<group>"; };
		893BD49A1B5565B400DCB3E0 /* AppIcon-76x76.png */ = {isa = PBXFileReference; lastKnownFileType = image.png; path = "AppIcon-76x76.png"; sourceTree = "<group>"; };
		893BD49B1B5565B400DCB3E0 /* AppIcon-120x120.png */ = {isa = PBXFileReference; lastKnownFileType = image.png; path = "AppIcon-120x120.png"; sourceTree = "<group>"; };
		893BD49C1B5565B400DCB3E0 /* AppIcon-152x152.png */ = {isa = PBXFileReference; lastKnownFileType = image.png; path = "AppIcon-152x152.png"; sourceTree = "<group>"; };
		893BD49D1B5565B400DCB3E0 /* AppIcon-180-180.png */ = {isa = PBXFileReference; lastKnownFileType = image.png; path = "AppIcon-180-180.png"; sourceTree = "<group>"; };
		893BD4A51B5586DC00DCB3E0 /* Contents.json */ = {isa = PBXFileReference; fileEncoding = 4; lastKnownFileType = text.json; path = Contents.json; sourceTree = "<group>"; };
		893BD4A61B5586DC00DCB3E0 /* Icon-40.png */ = {isa = PBXFileReference; lastKnownFileType = image.png; path = "Icon-40.png"; sourceTree = "<group>"; };
		893BD4A71B5586DC00DCB3E0 /* Icon-40@2x.png */ = {isa = PBXFileReference; lastKnownFileType = image.png; path = "Icon-40@2x.png"; sourceTree = "<group>"; };
		893BD4A81B5586DC00DCB3E0 /* Icon-40@3x.png */ = {isa = PBXFileReference; lastKnownFileType = image.png; path = "Icon-40@3x.png"; sourceTree = "<group>"; };
		893BD4A91B5586DC00DCB3E0 /* Icon-60@2x.png */ = {isa = PBXFileReference; lastKnownFileType = image.png; path = "Icon-60@2x.png"; sourceTree = "<group>"; };
		893BD4AA1B5586DC00DCB3E0 /* Icon-60@3x.png */ = {isa = PBXFileReference; lastKnownFileType = image.png; path = "Icon-60@3x.png"; sourceTree = "<group>"; };
		893BD4AB1B5586DC00DCB3E0 /* Icon-76.png */ = {isa = PBXFileReference; lastKnownFileType = image.png; path = "Icon-76.png"; sourceTree = "<group>"; };
		893BD4AC1B5586DC00DCB3E0 /* Icon-76@2x.png */ = {isa = PBXFileReference; lastKnownFileType = image.png; path = "Icon-76@2x.png"; sourceTree = "<group>"; };
		893BD4AD1B5586DC00DCB3E0 /* Icon-Small.png */ = {isa = PBXFileReference; lastKnownFileType = image.png; path = "Icon-Small.png"; sourceTree = "<group>"; };
		893BD4AE1B5586DC00DCB3E0 /* Icon-Small@2x.png */ = {isa = PBXFileReference; lastKnownFileType = image.png; path = "Icon-Small@2x.png"; sourceTree = "<group>"; };
		893BD4AF1B5586DC00DCB3E0 /* Icon-Small@3x.png */ = {isa = PBXFileReference; lastKnownFileType = image.png; path = "Icon-Small@3x.png"; sourceTree = "<group>"; };
		893BD4B01B5586DC00DCB3E0 /* Icon-60.png */ = {isa = PBXFileReference; lastKnownFileType = image.png; path = "Icon-60.png"; sourceTree = "<group>"; };
		893BD4B11B5586DC00DCB3E0 /* Icon-72.png */ = {isa = PBXFileReference; lastKnownFileType = image.png; path = "Icon-72.png"; sourceTree = "<group>"; };
		893BD4B21B5586DC00DCB3E0 /* Icon-72@2x.png */ = {isa = PBXFileReference; lastKnownFileType = image.png; path = "Icon-72@2x.png"; sourceTree = "<group>"; };
		893BD4B31B5586DC00DCB3E0 /* Icon-Small-50.png */ = {isa = PBXFileReference; lastKnownFileType = image.png; path = "Icon-Small-50.png"; sourceTree = "<group>"; };
		893BD4B41B5586DC00DCB3E0 /* Icon-Small-50@2x.png */ = {isa = PBXFileReference; lastKnownFileType = image.png; path = "Icon-Small-50@2x.png"; sourceTree = "<group>"; };
		893BD4B51B5586DC00DCB3E0 /* Icon.png */ = {isa = PBXFileReference; lastKnownFileType = image.png; path = Icon.png; sourceTree = "<group>"; };
		893BD4B61B5586DC00DCB3E0 /* Icon@2x.png */ = {isa = PBXFileReference; lastKnownFileType = image.png; path = "Icon@2x.png"; sourceTree = "<group>"; };
		893BD4B71B5586DC00DCB3E0 /* iTunesArtwork.png */ = {isa = PBXFileReference; lastKnownFileType = image.png; path = iTunesArtwork.png; sourceTree = "<group>"; };
		893BD4B81B5586DC00DCB3E0 /* iTunesArtwork@2x.png */ = {isa = PBXFileReference; lastKnownFileType = image.png; path = "iTunesArtwork@2x.png"; sourceTree = "<group>"; };
		893BD4B91B5586DC00DCB3E0 /* README.md */ = {isa = PBXFileReference; fileEncoding = 4; lastKnownFileType = net.daringfireball.markdown; path = README.md; sourceTree = "<group>"; };
		893BD4D11B55BF8E00DCB3E0 /* JBBarChartView.h */ = {isa = PBXFileReference; fileEncoding = 4; lastKnownFileType = sourcecode.c.h; path = JBBarChartView.h; sourceTree = "<group>"; };
		893BD4D21B55BF8E00DCB3E0 /* JBBarChartView.m */ = {isa = PBXFileReference; fileEncoding = 4; lastKnownFileType = sourcecode.c.objc; path = JBBarChartView.m; sourceTree = "<group>"; };
		893BD4D31B55BF8E00DCB3E0 /* JBChartView.h */ = {isa = PBXFileReference; fileEncoding = 4; lastKnownFileType = sourcecode.c.h; path = JBChartView.h; sourceTree = "<group>"; };
		893BD4D41B55BF8E00DCB3E0 /* JBChartView.m */ = {isa = PBXFileReference; fileEncoding = 4; lastKnownFileType = sourcecode.c.objc; path = JBChartView.m; sourceTree = "<group>"; };
		893BD4D51B55BF8E00DCB3E0 /* JBLineChartView.h */ = {isa = PBXFileReference; fileEncoding = 4; lastKnownFileType = sourcecode.c.h; path = JBLineChartView.h; sourceTree = "<group>"; };
		893BD4D61B55BF8E00DCB3E0 /* JBLineChartView.m */ = {isa = PBXFileReference; fileEncoding = 4; lastKnownFileType = sourcecode.c.objc; path = JBLineChartView.m; sourceTree = "<group>"; };
		89442F651ABDD589007CEDFE /* FeedbackViewController.h */ = {isa = PBXFileReference; fileEncoding = 4; lastKnownFileType = sourcecode.c.h; path = FeedbackViewController.h; sourceTree = "<group>"; };
		89442F661ABDD589007CEDFE /* FeedbackViewController.m */ = {isa = PBXFileReference; fileEncoding = 4; lastKnownFileType = sourcecode.c.objc; path = FeedbackViewController.m; sourceTree = "<group>"; };
		89442F681ABF032C007CEDFE /* StudentStatusViewController.h */ = {isa = PBXFileReference; fileEncoding = 4; lastKnownFileType = sourcecode.c.h; path = StudentStatusViewController.h; sourceTree = "<group>"; };
		89442F691ABF032C007CEDFE /* StudentStatusViewController.m */ = {isa = PBXFileReference; fileEncoding = 4; lastKnownFileType = sourcecode.c.objc; path = StudentStatusViewController.m; sourceTree = "<group>"; };
		89442F6D1ABF10B7007CEDFE /* UserUIBarButtonItem.h */ = {isa = PBXFileReference; fileEncoding = 4; lastKnownFileType = sourcecode.c.h; path = UserUIBarButtonItem.h; sourceTree = "<group>"; };
		89442F6E1ABF10B7007CEDFE /* UserUIBarButtonItem.m */ = {isa = PBXFileReference; fileEncoding = 4; lastKnownFileType = sourcecode.c.objc; path = UserUIBarButtonItem.m; sourceTree = "<group>"; };
		8959E9621BEFF0070016BDBE /* NSData+LQData.h */ = {isa = PBXFileReference; fileEncoding = 4; lastKnownFileType = sourcecode.c.h; path = "NSData+LQData.h"; sourceTree = "<group>"; };
		8959E9631BEFF0070016BDBE /* NSData+LQData.m */ = {isa = PBXFileReference; fileEncoding = 4; lastKnownFileType = sourcecode.c.objc; path = "NSData+LQData.m"; sourceTree = "<group>"; };
		8959E9641BEFF0070016BDBE /* NSDateFormatter+LQDateFormatter.h */ = {isa = PBXFileReference; fileEncoding = 4; lastKnownFileType = sourcecode.c.h; path = "NSDateFormatter+LQDateFormatter.h"; sourceTree = "<group>"; };
		8959E9651BEFF0070016BDBE /* NSDateFormatter+LQDateFormatter.m */ = {isa = PBXFileReference; fileEncoding = 4; lastKnownFileType = sourcecode.c.objc; path = "NSDateFormatter+LQDateFormatter.m"; sourceTree = "<group>"; };
		8959E9661BEFF0070016BDBE /* NSString+LQString.h */ = {isa = PBXFileReference; fileEncoding = 4; lastKnownFileType = sourcecode.c.h; path = "NSString+LQString.h"; sourceTree = "<group>"; };
		8959E9671BEFF0070016BDBE /* NSString+LQString.m */ = {isa = PBXFileReference; fileEncoding = 4; lastKnownFileType = sourcecode.c.objc; path = "NSString+LQString.m"; sourceTree = "<group>"; };
		8959E9681BEFF0070016BDBE /* UIColor+LQColor.h */ = {isa = PBXFileReference; fileEncoding = 4; lastKnownFileType = sourcecode.c.h; path = "UIColor+LQColor.h"; sourceTree = "<group>"; };
		8959E9691BEFF0070016BDBE /* UIColor+LQColor.m */ = {isa = PBXFileReference; fileEncoding = 4; lastKnownFileType = sourcecode.c.objc; path = "UIColor+LQColor.m"; sourceTree = "<group>"; };
		8959E96A1BEFF0070016BDBE /* Liquid-Prefix.pch */ = {isa = PBXFileReference; fileEncoding = 4; lastKnownFileType = sourcecode.c.h; path = "Liquid-Prefix.pch"; sourceTree = "<group>"; };
		8959E96B1BEFF0070016BDBE /* Liquid.h */ = {isa = PBXFileReference; fileEncoding = 4; lastKnownFileType = sourcecode.c.h; path = Liquid.h; sourceTree = "<group>"; };
		8959E96C1BEFF0070016BDBE /* Liquid.m */ = {isa = PBXFileReference; fileEncoding = 4; lastKnownFileType = sourcecode.c.objc; path = Liquid.m; sourceTree = "<group>"; };
		8959E96D1BEFF0070016BDBE /* LQDefaults.h */ = {isa = PBXFileReference; fileEncoding = 4; lastKnownFileType = sourcecode.c.h; path = LQDefaults.h; sourceTree = "<group>"; };
		8959E96E1BEFF0070016BDBE /* LQHelpers.h */ = {isa = PBXFileReference; fileEncoding = 4; lastKnownFileType = sourcecode.c.h; path = LQHelpers.h; sourceTree = "<group>"; };
		8959E96F1BEFF0070016BDBE /* LQHelpers.m */ = {isa = PBXFileReference; fileEncoding = 4; lastKnownFileType = sourcecode.c.objc; path = LQHelpers.m; sourceTree = "<group>"; };
		8959E9701BEFF0070016BDBE /* LQKeychain.h */ = {isa = PBXFileReference; fileEncoding = 4; lastKnownFileType = sourcecode.c.h; path = LQKeychain.h; sourceTree = "<group>"; };
		8959E9711BEFF0070016BDBE /* LQKeychain.m */ = {isa = PBXFileReference; fileEncoding = 4; lastKnownFileType = sourcecode.c.objc; path = LQKeychain.m; sourceTree = "<group>"; };
		8959E9721BEFF0070016BDBE /* LQNetworking.h */ = {isa = PBXFileReference; fileEncoding = 4; lastKnownFileType = sourcecode.c.h; path = LQNetworking.h; sourceTree = "<group>"; };
		8959E9731BEFF0070016BDBE /* LQNetworking.m */ = {isa = PBXFileReference; fileEncoding = 4; lastKnownFileType = sourcecode.c.objc; path = LQNetworking.m; sourceTree = "<group>"; };
		8959E9741BEFF0070016BDBE /* LQStorage.h */ = {isa = PBXFileReference; fileEncoding = 4; lastKnownFileType = sourcecode.c.h; path = LQStorage.h; sourceTree = "<group>"; };
		8959E9751BEFF0070016BDBE /* LQStorage.m */ = {isa = PBXFileReference; fileEncoding = 4; lastKnownFileType = sourcecode.c.objc; path = LQStorage.m; sourceTree = "<group>"; };
		8959E9761BEFF0070016BDBE /* LQUserDefaults.h */ = {isa = PBXFileReference; fileEncoding = 4; lastKnownFileType = sourcecode.c.h; path = LQUserDefaults.h; sourceTree = "<group>"; };
		8959E9771BEFF0070016BDBE /* LQUserDefaults.m */ = {isa = PBXFileReference; fileEncoding = 4; lastKnownFileType = sourcecode.c.objc; path = LQUserDefaults.m; sourceTree = "<group>"; };
		8959E9791BEFF0070016BDBE /* LQDataPoint.h */ = {isa = PBXFileReference; fileEncoding = 4; lastKnownFileType = sourcecode.c.h; path = LQDataPoint.h; sourceTree = "<group>"; };
		8959E97A1BEFF0070016BDBE /* LQDataPoint.m */ = {isa = PBXFileReference; fileEncoding = 4; lastKnownFileType = sourcecode.c.objc; path = LQDataPoint.m; sourceTree = "<group>"; };
		8959E97B1BEFF0070016BDBE /* LQDate.h */ = {isa = PBXFileReference; fileEncoding = 4; lastKnownFileType = sourcecode.c.h; path = LQDate.h; sourceTree = "<group>"; };
		8959E97C1BEFF0070016BDBE /* LQDate.m */ = {isa = PBXFileReference; fileEncoding = 4; lastKnownFileType = sourcecode.c.objc; path = LQDate.m; sourceTree = "<group>"; };
		8959E97D1BEFF0070016BDBE /* LQDevice.h */ = {isa = PBXFileReference; fileEncoding = 4; lastKnownFileType = sourcecode.c.h; path = LQDevice.h; sourceTree = "<group>"; };
		8959E97E1BEFF0070016BDBE /* LQDevice.m */ = {isa = PBXFileReference; fileEncoding = 4; lastKnownFileType = sourcecode.c.objc; path = LQDevice.m; sourceTree = "<group>"; };
		8959E97F1BEFF0070016BDBE /* LQEntity.h */ = {isa = PBXFileReference; fileEncoding = 4; lastKnownFileType = sourcecode.c.h; path = LQEntity.h; sourceTree = "<group>"; };
		8959E9801BEFF0070016BDBE /* LQEntity.m */ = {isa = PBXFileReference; fileEncoding = 4; lastKnownFileType = sourcecode.c.objc; path = LQEntity.m; sourceTree = "<group>"; };
		8959E9811BEFF0070016BDBE /* LQEvent.h */ = {isa = PBXFileReference; fileEncoding = 4; lastKnownFileType = sourcecode.c.h; path = LQEvent.h; sourceTree = "<group>"; };
		8959E9821BEFF0070016BDBE /* LQEvent.m */ = {isa = PBXFileReference; fileEncoding = 4; lastKnownFileType = sourcecode.c.objc; path = LQEvent.m; sourceTree = "<group>"; };
		8959E9831BEFF0070016BDBE /* LQKeychainItem.h */ = {isa = PBXFileReference; fileEncoding = 4; lastKnownFileType = sourcecode.c.h; path = LQKeychainItem.h; sourceTree = "<group>"; };
		8959E9841BEFF0070016BDBE /* LQKeychainItem.m */ = {isa = PBXFileReference; fileEncoding = 4; lastKnownFileType = sourcecode.c.objc; path = LQKeychainItem.m; sourceTree = "<group>"; };
		8959E9851BEFF0070016BDBE /* LQLiquidPackage.h */ = {isa = PBXFileReference; fileEncoding = 4; lastKnownFileType = sourcecode.c.h; path = LQLiquidPackage.h; sourceTree = "<group>"; };
		8959E9861BEFF0070016BDBE /* LQLiquidPackage.m */ = {isa = PBXFileReference; fileEncoding = 4; lastKnownFileType = sourcecode.c.objc; path = LQLiquidPackage.m; sourceTree = "<group>"; };
		8959E9871BEFF0070016BDBE /* LQRequest.h */ = {isa = PBXFileReference; fileEncoding = 4; lastKnownFileType = sourcecode.c.h; path = LQRequest.h; sourceTree = "<group>"; };
		8959E9881BEFF0070016BDBE /* LQRequest.m */ = {isa = PBXFileReference; fileEncoding = 4; lastKnownFileType = sourcecode.c.objc; path = LQRequest.m; sourceTree = "<group>"; };
		8959E9891BEFF0070016BDBE /* LQSession.h */ = {isa = PBXFileReference; fileEncoding = 4; lastKnownFileType = sourcecode.c.h; path = LQSession.h; sourceTree = "<group>"; };
		8959E98A1BEFF0070016BDBE /* LQSession.m */ = {isa = PBXFileReference; fileEncoding = 4; lastKnownFileType = sourcecode.c.objc; path = LQSession.m; sourceTree = "<group>"; };
		8959E98B1BEFF0070016BDBE /* LQTarget.h */ = {isa = PBXFileReference; fileEncoding = 4; lastKnownFileType = sourcecode.c.h; path = LQTarget.h; sourceTree = "<group>"; };
		8959E98C1BEFF0070016BDBE /* LQTarget.m */ = {isa = PBXFileReference; fileEncoding = 4; lastKnownFileType = sourcecode.c.objc; path = LQTarget.m; sourceTree = "<group>"; };
		8959E98D1BEFF0070016BDBE /* LQUser.h */ = {isa = PBXFileReference; fileEncoding = 4; lastKnownFileType = sourcecode.c.h; path = LQUser.h; sourceTree = "<group>"; };
		8959E98E1BEFF0070016BDBE /* LQUser.m */ = {isa = PBXFileReference; fileEncoding = 4; lastKnownFileType = sourcecode.c.objc; path = LQUser.m; sourceTree = "<group>"; };
		8959E98F1BEFF0070016BDBE /* LQValue.h */ = {isa = PBXFileReference; fileEncoding = 4; lastKnownFileType = sourcecode.c.h; path = LQValue.h; sourceTree = "<group>"; };
		8959E9901BEFF0070016BDBE /* LQValue.m */ = {isa = PBXFileReference; fileEncoding = 4; lastKnownFileType = sourcecode.c.objc; path = LQValue.m; sourceTree = "<group>"; };
		8959E9911BEFF0070016BDBE /* LQVariable.h */ = {isa = PBXFileReference; fileEncoding = 4; lastKnownFileType = sourcecode.c.h; path = LQVariable.h; sourceTree = "<group>"; };
		8959E9921BEFF0070016BDBE /* LQVariable.m */ = {isa = PBXFileReference; fileEncoding = 4; lastKnownFileType = sourcecode.c.objc; path = LQVariable.m; sourceTree = "<group>"; };
		8959E9AA1BF8E3490016BDBE /* DeviceUID.m */ = {isa = PBXFileReference; fileEncoding = 4; lastKnownFileType = sourcecode.c.objc; path = DeviceUID.m; sourceTree = "<group>"; };
		8959E9AC1BF8E3780016BDBE /* DeviceUID.h */ = {isa = PBXFileReference; lastKnownFileType = sourcecode.c.h; path = DeviceUID.h; sourceTree = "<group>"; };
		8959E9AD1BF92E350016BDBE /* AppDataModel 2.xcdatamodel */ = {isa = PBXFileReference; lastKnownFileType = wrapper.xcdatamodel; path = "AppDataModel 2.xcdatamodel"; sourceTree = "<group>"; };
		8959E9AE1BFB87C20016BDBE /* StudentViewController.h */ = {isa = PBXFileReference; fileEncoding = 4; lastKnownFileType = sourcecode.c.h; path = StudentViewController.h; sourceTree = "<group>"; };
		8959E9AF1BFB87C20016BDBE /* StudentViewController.m */ = {isa = PBXFileReference; fileEncoding = 4; lastKnownFileType = sourcecode.c.objc; path = StudentViewController.m; sourceTree = "<group>"; };
		8986916D1A5313C9009E8F52 /* RegisterFourViewController.h */ = {isa = PBXFileReference; fileEncoding = 4; lastKnownFileType = sourcecode.c.h; path = RegisterFourViewController.h; sourceTree = "<group>"; };
		8986916E1A5313C9009E8F52 /* RegisterFourViewController.m */ = {isa = PBXFileReference; fileEncoding = 4; lastKnownFileType = sourcecode.c.objc; path = RegisterFourViewController.m; sourceTree = "<group>"; };
		89AF63051AA9E6A10022F035 /* listastic-2014.png */ = {isa = PBXFileReference; lastKnownFileType = image.png; name = "listastic-2014.png"; path = "BMTS/images/listastic-2014.png"; sourceTree = "<group>"; };
		89B6F5831B2DD7F200CE7C06 /* TeacherIpadMainViewController.h */ = {isa = PBXFileReference; fileEncoding = 4; lastKnownFileType = sourcecode.c.h; path = TeacherIpadMainViewController.h; sourceTree = "<group>"; };
		89B6F5841B2DD7F200CE7C06 /* TeacherIpadMainViewController.m */ = {isa = PBXFileReference; fileEncoding = 4; lastKnownFileType = sourcecode.c.objc; path = TeacherIpadMainViewController.m; sourceTree = "<group>"; };
		89C0B9181AE1BF6D0059F9D8 /* User.h */ = {isa = PBXFileReference; fileEncoding = 4; lastKnownFileType = sourcecode.c.h; path = User.h; sourceTree = "<group>"; };
		89C0B9191AE1BF6D0059F9D8 /* User.m */ = {isa = PBXFileReference; fileEncoding = 4; lastKnownFileType = sourcecode.c.objc; path = User.m; sourceTree = "<group>"; };
		89C0B91B1AE2A4D60059F9D8 /* Feedback.h */ = {isa = PBXFileReference; fileEncoding = 4; lastKnownFileType = sourcecode.c.h; path = Feedback.h; sourceTree = "<group>"; };
		89C0B91C1AE2A4D60059F9D8 /* Feedback.m */ = {isa = PBXFileReference; fileEncoding = 4; lastKnownFileType = sourcecode.c.objc; path = Feedback.m; sourceTree = "<group>"; };
		89C8549A1AD08B8A00740DB3 /* RestController.h */ = {isa = PBXFileReference; fileEncoding = 4; lastKnownFileType = sourcecode.c.h; path = RestController.h; sourceTree = "<group>"; };
		89C8549B1AD08B8A00740DB3 /* RestController.m */ = {isa = PBXFileReference; fileEncoding = 4; lastKnownFileType = sourcecode.c.objc; path = RestController.m; sourceTree = "<group>"; };
		89C8549D1AD7336100740DB3 /* ManageStudentViewController.h */ = {isa = PBXFileReference; fileEncoding = 4; lastKnownFileType = sourcecode.c.h; path = ManageStudentViewController.h; sourceTree = "<group>"; };
		89C8549E1AD7336100740DB3 /* ManageStudentViewController.m */ = {isa = PBXFileReference; fileEncoding = 4; lastKnownFileType = sourcecode.c.objc; path = ManageStudentViewController.m; sourceTree = "<group>"; };
		89CD4EF61ABF98EC002B20D0 /* StudentBehaviors.h */ = {isa = PBXFileReference; fileEncoding = 4; lastKnownFileType = sourcecode.c.h; path = StudentBehaviors.h; sourceTree = "<group>"; };
		89CD4EF71ABF98EC002B20D0 /* StudentBehaviors.m */ = {isa = PBXFileReference; fileEncoding = 4; lastKnownFileType = sourcecode.c.objc; path = StudentBehaviors.m; sourceTree = "<group>"; };
		89CD4EF91AC0E741002B20D0 /* Comments.h */ = {isa = PBXFileReference; fileEncoding = 4; lastKnownFileType = sourcecode.c.h; path = Comments.h; sourceTree = "<group>"; };
		89CD4EFA1AC0E741002B20D0 /* Comments.m */ = {isa = PBXFileReference; fileEncoding = 4; lastKnownFileType = sourcecode.c.objc; path = Comments.m; sourceTree = "<group>"; };
		89D277AA1AC7830200673CC2 /* StudentMainView.h */ = {isa = PBXFileReference; fileEncoding = 4; lastKnownFileType = sourcecode.c.h; path = StudentMainView.h; sourceTree = "<group>"; };
		89D277AB1AC7830200673CC2 /* StudentMainView.m */ = {isa = PBXFileReference; fileEncoding = 4; lastKnownFileType = sourcecode.c.objc; path = StudentMainView.m; sourceTree = "<group>"; };
		89D327521A956C4300CF3214 /* SyncService.h */ = {isa = PBXFileReference; fileEncoding = 4; lastKnownFileType = sourcecode.c.h; path = SyncService.h; sourceTree = "<group>"; };
		89D327531A956C4300CF3214 /* SyncService.m */ = {isa = PBXFileReference; fileEncoding = 4; lastKnownFileType = sourcecode.c.objc; path = SyncService.m; sourceTree = "<group>"; };
		89D327551A963FCD00CF3214 /* ReachabilityViewController.h */ = {isa = PBXFileReference; fileEncoding = 4; lastKnownFileType = sourcecode.c.h; path = ReachabilityViewController.h; sourceTree = "<group>"; };
		89D327561A963FCD00CF3214 /* ReachabilityViewController.m */ = {isa = PBXFileReference; fileEncoding = 4; lastKnownFileType = sourcecode.c.objc; path = ReachabilityViewController.m; sourceTree = "<group>"; };
		89D327581A96435900CF3214 /* Reachability.h */ = {isa = PBXFileReference; fileEncoding = 4; lastKnownFileType = sourcecode.c.h; path = Reachability.h; sourceTree = "<group>"; };
		89D327591A96435900CF3214 /* Reachability.m */ = {isa = PBXFileReference; fileEncoding = 4; lastKnownFileType = sourcecode.c.objc; path = Reachability.m; sourceTree = "<group>"; };
		89D3275B1A968A4D00CF3214 /* ClassroomStudents.h */ = {isa = PBXFileReference; fileEncoding = 4; lastKnownFileType = sourcecode.c.h; path = ClassroomStudents.h; sourceTree = "<group>"; };
		89D3275C1A968A4D00CF3214 /* ClassroomStudents.m */ = {isa = PBXFileReference; fileEncoding = 4; lastKnownFileType = sourcecode.c.objc; path = ClassroomStudents.m; sourceTree = "<group>"; };
		89D3275E1A968A4E00CF3214 /* ClassroomBehaviors.h */ = {isa = PBXFileReference; fileEncoding = 4; lastKnownFileType = sourcecode.c.h; path = ClassroomBehaviors.h; sourceTree = "<group>"; };
		89D3275F1A968A4E00CF3214 /* ClassroomBehaviors.m */ = {isa = PBXFileReference; fileEncoding = 4; lastKnownFileType = sourcecode.c.objc; path = ClassroomBehaviors.m; sourceTree = "<group>"; };
		89D327611A968A4E00CF3214 /* Classroom.h */ = {isa = PBXFileReference; fileEncoding = 4; lastKnownFileType = sourcecode.c.h; path = Classroom.h; sourceTree = "<group>"; };
		89D327621A968A4E00CF3214 /* Classroom.m */ = {isa = PBXFileReference; fileEncoding = 4; lastKnownFileType = sourcecode.c.objc; path = Classroom.m; sourceTree = "<group>"; };
		89D327641A968A4E00CF3214 /* IntervalEnum.h */ = {isa = PBXFileReference; fileEncoding = 4; lastKnownFileType = sourcecode.c.h; path = IntervalEnum.h; sourceTree = "<group>"; };
		89D327651A968A4E00CF3214 /* IntervalEnum.m */ = {isa = PBXFileReference; fileEncoding = 4; lastKnownFileType = sourcecode.c.objc; path = IntervalEnum.m; sourceTree = "<group>"; };
		89D327671A968A4E00CF3214 /* UserCookie.h */ = {isa = PBXFileReference; fileEncoding = 4; lastKnownFileType = sourcecode.c.h; path = UserCookie.h; sourceTree = "<group>"; };
		89D327681A968A4E00CF3214 /* UserCookie.m */ = {isa = PBXFileReference; fileEncoding = 4; lastKnownFileType = sourcecode.c.objc; path = UserCookie.m; sourceTree = "<group>"; };
		89D3276A1A968A4F00CF3214 /* Status.h */ = {isa = PBXFileReference; fileEncoding = 4; lastKnownFileType = sourcecode.c.h; path = Status.h; sourceTree = "<group>"; };
		89D3276B1A968A4F00CF3214 /* Status.m */ = {isa = PBXFileReference; fileEncoding = 4; lastKnownFileType = sourcecode.c.objc; path = Status.m; sourceTree = "<group>"; };
		89D3276D1A968A4F00CF3214 /* StatusEnums.h */ = {isa = PBXFileReference; fileEncoding = 4; lastKnownFileType = sourcecode.c.h; path = StatusEnums.h; sourceTree = "<group>"; };
		89D3276E1A968A4F00CF3214 /* StatusEnums.m */ = {isa = PBXFileReference; fileEncoding = 4; lastKnownFileType = sourcecode.c.objc; path = StatusEnums.m; sourceTree = "<group>"; };
		89D327731A968A4F00CF3214 /* PaidEnum.h */ = {isa = PBXFileReference; fileEncoding = 4; lastKnownFileType = sourcecode.c.h; path = PaidEnum.h; sourceTree = "<group>"; };
		89D327741A968A4F00CF3214 /* PaidEnum.m */ = {isa = PBXFileReference; fileEncoding = 4; lastKnownFileType = sourcecode.c.objc; path = PaidEnum.m; sourceTree = "<group>"; };
		89D327761A968A4F00CF3214 /* Behaviors.h */ = {isa = PBXFileReference; fileEncoding = 4; lastKnownFileType = sourcecode.c.h; path = Behaviors.h; sourceTree = "<group>"; };
		89D327771A968A4F00CF3214 /* Behaviors.m */ = {isa = PBXFileReference; fileEncoding = 4; lastKnownFileType = sourcecode.c.objc; path = Behaviors.m; sourceTree = "<group>"; };
		89D327791A968A4F00CF3214 /* ClassroomParents.h */ = {isa = PBXFileReference; fileEncoding = 4; lastKnownFileType = sourcecode.c.h; path = ClassroomParents.h; sourceTree = "<group>"; };
		89D3277A1A968A4F00CF3214 /* ClassroomParents.m */ = {isa = PBXFileReference; fileEncoding = 4; lastKnownFileType = sourcecode.c.objc; path = ClassroomParents.m; sourceTree = "<group>"; };
		89D3277C1A968A4F00CF3214 /* UserRoleEnums.h */ = {isa = PBXFileReference; fileEncoding = 4; lastKnownFileType = sourcecode.c.h; path = UserRoleEnums.h; sourceTree = "<group>"; };
		89D3277D1A968A4F00CF3214 /* UserRoleEnums.m */ = {isa = PBXFileReference; fileEncoding = 4; lastKnownFileType = sourcecode.c.objc; path = UserRoleEnums.m; sourceTree = "<group>"; };
		89D3611B1A2366700002EF25 /* DebugViewController.h */ = {isa = PBXFileReference; fileEncoding = 4; lastKnownFileType = sourcecode.c.h; path = DebugViewController.h; sourceTree = "<group>"; };
		89D3611C1A2366700002EF25 /* DebugViewController.m */ = {isa = PBXFileReference; fileEncoding = 4; lastKnownFileType = sourcecode.c.objc; path = DebugViewController.m; sourceTree = "<group>"; };
		89DA45DD1A5860F000F7E23D /* TeacherMainViewController.h */ = {isa = PBXFileReference; fileEncoding = 4; lastKnownFileType = sourcecode.c.h; path = TeacherMainViewController.h; sourceTree = "<group>"; };
		89DA45DE1A5860F000F7E23D /* TeacherMainViewController.m */ = {isa = PBXFileReference; fileEncoding = 4; lastKnownFileType = sourcecode.c.objc; path = TeacherMainViewController.m; sourceTree = "<group>"; };
		89DA45E01A59994F00F7E23D /* AvatarViewController.h */ = {isa = PBXFileReference; fileEncoding = 4; lastKnownFileType = sourcecode.c.h; path = AvatarViewController.h; sourceTree = "<group>"; };
		89DA45E11A59994F00F7E23D /* AvatarViewController.m */ = {isa = PBXFileReference; fileEncoding = 4; lastKnownFileType = sourcecode.c.objc; path = AvatarViewController.m; sourceTree = "<group>"; };
		89F2F6ED1A5C9523001B0D17 /* CommentViewController.h */ = {isa = PBXFileReference; fileEncoding = 4; lastKnownFileType = sourcecode.c.h; path = CommentViewController.h; sourceTree = "<group>"; };
		89F2F6EE1A5C9523001B0D17 /* CommentViewController.m */ = {isa = PBXFileReference; fileEncoding = 4; lastKnownFileType = sourcecode.c.objc; path = CommentViewController.m; sourceTree = "<group>"; };
		89F2F6F01A605967001B0D17 /* CoreData.framework */ = {isa = PBXFileReference; lastKnownFileType = wrapper.framework; name = CoreData.framework; path = System/Library/Frameworks/CoreData.framework; sourceTree = SDKROOT; };
		89F2F6F31A605A93001B0D17 /* AppDataModel.xcdatamodel */ = {isa = PBXFileReference; lastKnownFileType = wrapper.xcdatamodel; path = AppDataModel.xcdatamodel; sourceTree = "<group>"; };
		89F4A7C71AC6E38600F2203F /* App.h */ = {isa = PBXFileReference; fileEncoding = 4; lastKnownFileType = sourcecode.c.h; path = App.h; sourceTree = "<group>"; };
		89F4A7C81AC6E38600F2203F /* App.m */ = {isa = PBXFileReference; fileEncoding = 4; lastKnownFileType = sourcecode.c.objc; path = App.m; sourceTree = "<group>"; };
		89FD8FD41B7D250600969754 /* IPhone5MainViewController.h */ = {isa = PBXFileReference; fileEncoding = 4; lastKnownFileType = sourcecode.c.h; path = IPhone5MainViewController.h; sourceTree = "<group>"; };
		89FD8FD51B7D250600969754 /* IPhone5MainViewController.m */ = {isa = PBXFileReference; fileEncoding = 4; lastKnownFileType = sourcecode.c.objc; path = IPhone5MainViewController.m; sourceTree = "<group>"; };
/* End PBXFileReference section */

/* Begin PBXFrameworksBuildPhase section */
		8907598C1A0B110B000A30DA /* Frameworks */ = {
			isa = PBXFrameworksBuildPhase;
			buildActionMask = 2147483647;
			files = (
				89F2F6F11A605967001B0D17 /* CoreData.framework in Frameworks */,
			);
			runOnlyForDeploymentPostprocessing = 0;
		};
		890759AB1A0B110B000A30DA /* Frameworks */ = {
			isa = PBXFrameworksBuildPhase;
			buildActionMask = 2147483647;
			files = (
			);
			runOnlyForDeploymentPostprocessing = 0;
		};
/* End PBXFrameworksBuildPhase section */

/* Begin PBXGroup section */
		890759861A0B110B000A30DA = {
			isa = PBXGroup;
			children = (
				89AF63051AA9E6A10022F035 /* listastic-2014.png */,
				89F2F6F21A605A93001B0D17 /* AppDataModel.xcdatamodeld */,
				89F2F6F01A605967001B0D17 /* CoreData.framework */,
				890759911A0B110B000A30DA /* BMTS */,
				890759B11A0B110B000A30DA /* BMTSTests */,
				890759901A0B110B000A30DA /* Products */,
				8959E9601BEFF0070016BDBE /* Liquid */,
				893BD4D01B55BF8E00DCB3E0 /* JawBone */,
			);
			sourceTree = "<group>";
		};
		890759901A0B110B000A30DA /* Products */ = {
			isa = PBXGroup;
			children = (
				8907598F1A0B110B000A30DA /* Homeroom.app */,
				890759AE1A0B110B000A30DA /* HomeroomTests.xctest */,
			);
			name = Products;
			sourceTree = "<group>";
		};
		890759911A0B110B000A30DA /* BMTS */ = {
			isa = PBXGroup;
			children = (
				8936AC5D1C0E86AF001844A8 /* IPadViews */,
				8941B43D1B0BE8C200ADE9C7 /* Registration */,
				89C854991AD089E600740DB3 /* REST */,
				899711831A75D9480044AB66 /* Models */,
				89DA45DC1A584FA000F7E23D /* images */,
				890759E51A168761000A30DA /* TeacherView */,
				890759E41A159CCD000A30DA /* StudentView */,
				890759E31A159CB9000A30DA /* ParentView */,
				890759D31A159C23000A30DA /* AddStudentViewController.h */,
				890759D41A159C23000A30DA /* AddStudentViewController.m */,
				890759D61A159C43000A30DA /* AddParentViewController.h */,
				890759D71A159C43000A30DA /* AddParentViewController.m */,
				890759961A0B110B000A30DA /* AppDelegate.h */,
				890759971A0B110B000A30DA /* AppDelegate.m */,
				890759991A0B110B000A30DA /* RootViewController.h */,
				8907599A1A0B110B000A30DA /* RootViewController.m */,
				890759C71A159B4F000A30DA /* ForgotPasswordViewController.h */,
				890759C81A159B4F000A30DA /* ForgotPasswordViewController.m */,
				8907599C1A0B110B000A30DA /* DataViewController.h */,
				8907599D1A0B110B000A30DA /* DataViewController.m */,
				8907599F1A0B110B000A30DA /* ModelController.h */,
				890759A01A0B110B000A30DA /* ModelController.m */,
				890759A21A0B110B000A30DA /* Main.storyboard */,
				89D327551A963FCD00CF3214 /* ReachabilityViewController.h */,
				89D327561A963FCD00CF3214 /* ReachabilityViewController.m */,
				890759A51A0B110B000A30DA /* Images.xcassets */,
				890759A71A0B110B000A30DA /* LaunchScreen.xib */,
				890759C01A0B114C000A30DA /* Assets */,
				890759921A0B110B000A30DA /* Supporting Files */,
				89D3611B1A2366700002EF25 /* DebugViewController.h */,
				89D3611C1A2366700002EF25 /* DebugViewController.m */,
				89DA45E01A59994F00F7E23D /* AvatarViewController.h */,
				89DA45E11A59994F00F7E23D /* AvatarViewController.m */,
				89F2F6ED1A5C9523001B0D17 /* CommentViewController.h */,
				89F2F6EE1A5C9523001B0D17 /* CommentViewController.m */,
				89D327521A956C4300CF3214 /* SyncService.h */,
				89D327531A956C4300CF3214 /* SyncService.m */,
				89442F651ABDD589007CEDFE /* FeedbackViewController.h */,
				89442F661ABDD589007CEDFE /* FeedbackViewController.m */,
				89442F681ABF032C007CEDFE /* StudentStatusViewController.h */,
				89442F691ABF032C007CEDFE /* StudentStatusViewController.m */,
				89F4A7C71AC6E38600F2203F /* App.h */,
				89F4A7C81AC6E38600F2203F /* App.m */,
				89088C1E1B3C58F600F2CDC7 /* AddBehaviorViewController.h */,
				89088C1F1B3C58F600F2CDC7 /* AddBehaviorViewController.m */,
				89FD8FD41B7D250600969754 /* IPhone5MainViewController.h */,
				89FD8FD51B7D250600969754 /* IPhone5MainViewController.m */,
				8959E9AA1BF8E3490016BDBE /* DeviceUID.m */,
				8959E9AC1BF8E3780016BDBE /* DeviceUID.h */,
			);
			path = BMTS;
			sourceTree = "<group>";
		};
		890759921A0B110B000A30DA /* Supporting Files */ = {
			isa = PBXGroup;
			children = (
				893BD4A31B5586DC00DCB3E0 /* ios */,
				893BD4991B5565B400DCB3E0 /* AppIcon-29-29.png */,
				893BD49A1B5565B400DCB3E0 /* AppIcon-76x76.png */,
				893BD49B1B5565B400DCB3E0 /* AppIcon-120x120.png */,
				893BD49C1B5565B400DCB3E0 /* AppIcon-152x152.png */,
				893BD49D1B5565B400DCB3E0 /* AppIcon-180-180.png */,
				890759931A0B110B000A30DA /* Info.plist */,
				890759941A0B110B000A30DA /* main.m */,
			);
			name = "Supporting Files";
			sourceTree = "<group>";
		};
		890759B11A0B110B000A30DA /* BMTSTests */ = {
			isa = PBXGroup;
			children = (
				890759B41A0B110B000A30DA /* BMTSTests.m */,
				890759B21A0B110B000A30DA /* Supporting Files */,
			);
			path = BMTSTests;
			sourceTree = "<group>";
		};
		890759B21A0B110B000A30DA /* Supporting Files */ = {
			isa = PBXGroup;
			children = (
				890759B31A0B110B000A30DA /* Info.plist */,
			);
			name = "Supporting Files";
			sourceTree = "<group>";
		};
		890759C01A0B114C000A30DA /* Assets */ = {
			isa = PBXGroup;
			children = (
			);
			name = Assets;
			sourceTree = "<group>";
		};
		890759E31A159CB9000A30DA /* ParentView */ = {
			isa = PBXGroup;
			children = (
				890759DE1A159CAF000A30DA /* ParentViewViewController.h */,
				890759DF1A159CAF000A30DA /* ParentViewViewController.m */,
			);
			name = ParentView;
			sourceTree = "<group>";
		};
		890759E41A159CCD000A30DA /* StudentView */ = {
			isa = PBXGroup;
			children = (
				89D277AA1AC7830200673CC2 /* StudentMainView.h */,
				89D277AB1AC7830200673CC2 /* StudentMainView.m */,
				8936AC5A1C0CCD41001844A8 /* CustomModalSegue.h */,
				8936AC5B1C0CCD41001844A8 /* CustomModalSegue.m */,
			);
			name = StudentView;
			sourceTree = "<group>";
		};
		890759E51A168761000A30DA /* TeacherView */ = {
			isa = PBXGroup;
			children = (
				89442F6E1ABF10B7007CEDFE /* UserUIBarButtonItem.m */,
				89442F6D1ABF10B7007CEDFE /* UserUIBarButtonItem.h */,
				89DA45DD1A5860F000F7E23D /* TeacherMainViewController.h */,
				89DA45DE1A5860F000F7E23D /* TeacherMainViewController.m */,
				89C8549D1AD7336100740DB3 /* ManageStudentViewController.h */,
				89C8549E1AD7336100740DB3 /* ManageStudentViewController.m */,
				89B6F5831B2DD7F200CE7C06 /* TeacherIpadMainViewController.h */,
				89B6F5841B2DD7F200CE7C06 /* TeacherIpadMainViewController.m */,
				8959E9AE1BFB87C20016BDBE /* StudentViewController.h */,
				8959E9AF1BFB87C20016BDBE /* StudentViewController.m */,
			);
			name = TeacherView;
			sourceTree = "<group>";
		};
		8936AC5D1C0E86AF001844A8 /* IPadViews */ = {
			isa = PBXGroup;
			children = (
			);
			name = IPadViews;
			sourceTree = "<group>";
		};
		893BD4A31B5586DC00DCB3E0 /* ios */ = {
			isa = PBXGroup;
			children = (
				893BD4A41B5586DC00DCB3E0 /* AppIcon.appiconset */,
				893BD4B01B5586DC00DCB3E0 /* Icon-60.png */,
				893BD4B11B5586DC00DCB3E0 /* Icon-72.png */,
				893BD4B21B5586DC00DCB3E0 /* Icon-72@2x.png */,
				893BD4B31B5586DC00DCB3E0 /* Icon-Small-50.png */,
				893BD4B41B5586DC00DCB3E0 /* Icon-Small-50@2x.png */,
				893BD4B51B5586DC00DCB3E0 /* Icon.png */,
				893BD4B61B5586DC00DCB3E0 /* Icon@2x.png */,
				893BD4B71B5586DC00DCB3E0 /* iTunesArtwork.png */,
				893BD4B81B5586DC00DCB3E0 /* iTunesArtwork@2x.png */,
				893BD4B91B5586DC00DCB3E0 /* README.md */,
			);
			name = ios;
			path = images/ios;
			sourceTree = "<group>";
		};
		893BD4A41B5586DC00DCB3E0 /* AppIcon.appiconset */ = {
			isa = PBXGroup;
			children = (
				893BD4A51B5586DC00DCB3E0 /* Contents.json */,
				893BD4A61B5586DC00DCB3E0 /* Icon-40.png */,
				893BD4A71B5586DC00DCB3E0 /* Icon-40@2x.png */,
				893BD4A81B5586DC00DCB3E0 /* Icon-40@3x.png */,
				893BD4A91B5586DC00DCB3E0 /* Icon-60@2x.png */,
				893BD4AA1B5586DC00DCB3E0 /* Icon-60@3x.png */,
				893BD4AB1B5586DC00DCB3E0 /* Icon-76.png */,
				893BD4AC1B5586DC00DCB3E0 /* Icon-76@2x.png */,
				893BD4AD1B5586DC00DCB3E0 /* Icon-Small.png */,
				893BD4AE1B5586DC00DCB3E0 /* Icon-Small@2x.png */,
				893BD4AF1B5586DC00DCB3E0 /* Icon-Small@3x.png */,
			);
			path = AppIcon.appiconset;
			sourceTree = "<group>";
		};
		893BD4D01B55BF8E00DCB3E0 /* JawBone */ = {
			isa = PBXGroup;
			children = (
				893BD4D11B55BF8E00DCB3E0 /* JBBarChartView.h */,
				893BD4D21B55BF8E00DCB3E0 /* JBBarChartView.m */,
				893BD4D31B55BF8E00DCB3E0 /* JBChartView.h */,
				893BD4D41B55BF8E00DCB3E0 /* JBChartView.m */,
				893BD4D51B55BF8E00DCB3E0 /* JBLineChartView.h */,
				893BD4D61B55BF8E00DCB3E0 /* JBLineChartView.m */,
			);
			path = JawBone;
			sourceTree = "<group>";
		};
		8941B43D1B0BE8C200ADE9C7 /* Registration */ = {
			isa = PBXGroup;
			children = (
				8986916D1A5313C9009E8F52 /* RegisterFourViewController.h */,
				8986916E1A5313C9009E8F52 /* RegisterFourViewController.m */,
				890759D01A159BF0000A30DA /* RegisterThreeViewController.h */,
				890759D11A159BF0000A30DA /* RegisterThreeViewController.m */,
				890759CA1A159BBC000A30DA /* RegisterOneViewController.h */,
				890759CB1A159BBC000A30DA /* RegisterOneViewController.m */,
				890759CD1A159BDB000A30DA /* RegisterTwoViewController.h */,
				890759CE1A159BDB000A30DA /* RegisterTwoViewController.m */,
			);
			name = Registration;
			sourceTree = "<group>";
		};
		8959E9601BEFF0070016BDBE /* Liquid */ = {
			isa = PBXGroup;
			children = (
				8959E9611BEFF0070016BDBE /* Categories */,
				8959E96A1BEFF0070016BDBE /* Liquid-Prefix.pch */,
				8959E96B1BEFF0070016BDBE /* Liquid.h */,
				8959E96C1BEFF0070016BDBE /* Liquid.m */,
				8959E96D1BEFF0070016BDBE /* LQDefaults.h */,
				8959E96E1BEFF0070016BDBE /* LQHelpers.h */,
				8959E96F1BEFF0070016BDBE /* LQHelpers.m */,
				8959E9701BEFF0070016BDBE /* LQKeychain.h */,
				8959E9711BEFF0070016BDBE /* LQKeychain.m */,
				8959E9721BEFF0070016BDBE /* LQNetworking.h */,
				8959E9731BEFF0070016BDBE /* LQNetworking.m */,
				8959E9741BEFF0070016BDBE /* LQStorage.h */,
				8959E9751BEFF0070016BDBE /* LQStorage.m */,
				8959E9761BEFF0070016BDBE /* LQUserDefaults.h */,
				8959E9771BEFF0070016BDBE /* LQUserDefaults.m */,
				8959E9781BEFF0070016BDBE /* Model */,
			);
			name = Liquid;
			path = JawBone/Liquid;
			sourceTree = "<group>";
		};
		8959E9611BEFF0070016BDBE /* Categories */ = {
			isa = PBXGroup;
			children = (
				8959E9621BEFF0070016BDBE /* NSData+LQData.h */,
				8959E9631BEFF0070016BDBE /* NSData+LQData.m */,
				8959E9641BEFF0070016BDBE /* NSDateFormatter+LQDateFormatter.h */,
				8959E9651BEFF0070016BDBE /* NSDateFormatter+LQDateFormatter.m */,
				8959E9661BEFF0070016BDBE /* NSString+LQString.h */,
				8959E9671BEFF0070016BDBE /* NSString+LQString.m */,
				8959E9681BEFF0070016BDBE /* UIColor+LQColor.h */,
				8959E9691BEFF0070016BDBE /* UIColor+LQColor.m */,
			);
			path = Categories;
			sourceTree = "<group>";
		};
		8959E9781BEFF0070016BDBE /* Model */ = {
			isa = PBXGroup;
			children = (
				8959E9791BEFF0070016BDBE /* LQDataPoint.h */,
				8959E97A1BEFF0070016BDBE /* LQDataPoint.m */,
				8959E97B1BEFF0070016BDBE /* LQDate.h */,
				8959E97C1BEFF0070016BDBE /* LQDate.m */,
				8959E97D1BEFF0070016BDBE /* LQDevice.h */,
				8959E97E1BEFF0070016BDBE /* LQDevice.m */,
				8959E97F1BEFF0070016BDBE /* LQEntity.h */,
				8959E9801BEFF0070016BDBE /* LQEntity.m */,
				8959E9811BEFF0070016BDBE /* LQEvent.h */,
				8959E9821BEFF0070016BDBE /* LQEvent.m */,
				8959E9831BEFF0070016BDBE /* LQKeychainItem.h */,
				8959E9841BEFF0070016BDBE /* LQKeychainItem.m */,
				8959E9851BEFF0070016BDBE /* LQLiquidPackage.h */,
				8959E9861BEFF0070016BDBE /* LQLiquidPackage.m */,
				8959E9871BEFF0070016BDBE /* LQRequest.h */,
				8959E9881BEFF0070016BDBE /* LQRequest.m */,
				8959E9891BEFF0070016BDBE /* LQSession.h */,
				8959E98A1BEFF0070016BDBE /* LQSession.m */,
				8959E98B1BEFF0070016BDBE /* LQTarget.h */,
				8959E98C1BEFF0070016BDBE /* LQTarget.m */,
				8959E98D1BEFF0070016BDBE /* LQUser.h */,
				8959E98E1BEFF0070016BDBE /* LQUser.m */,
				8959E98F1BEFF0070016BDBE /* LQValue.h */,
				8959E9901BEFF0070016BDBE /* LQValue.m */,
				8959E9911BEFF0070016BDBE /* LQVariable.h */,
				8959E9921BEFF0070016BDBE /* LQVariable.m */,
			);
			path = Model;
			sourceTree = "<group>";
		};
		899711831A75D9480044AB66 /* Models */ = {
			isa = PBXGroup;
			children = (
				89C0B91B1AE2A4D60059F9D8 /* Feedback.h */,
				89C0B91C1AE2A4D60059F9D8 /* Feedback.m */,
				89C0B9181AE1BF6D0059F9D8 /* User.h */,
				89C0B9191AE1BF6D0059F9D8 /* User.m */,
				89D3277C1A968A4F00CF3214 /* UserRoleEnums.h */,
				89D3277D1A968A4F00CF3214 /* UserRoleEnums.m */,
				89D327791A968A4F00CF3214 /* ClassroomParents.h */,
				89D3277A1A968A4F00CF3214 /* ClassroomParents.m */,
				89D327761A968A4F00CF3214 /* Behaviors.h */,
				89D327771A968A4F00CF3214 /* Behaviors.m */,
				89D327731A968A4F00CF3214 /* PaidEnum.h */,
				89D327741A968A4F00CF3214 /* PaidEnum.m */,
				89D3276D1A968A4F00CF3214 /* StatusEnums.h */,
				89D3276E1A968A4F00CF3214 /* StatusEnums.m */,
				89D3276A1A968A4F00CF3214 /* Status.h */,
				89D3276B1A968A4F00CF3214 /* Status.m */,
				89D327671A968A4E00CF3214 /* UserCookie.h */,
				89D327681A968A4E00CF3214 /* UserCookie.m */,
				89D327641A968A4E00CF3214 /* IntervalEnum.h */,
				89D327651A968A4E00CF3214 /* IntervalEnum.m */,
				89D327611A968A4E00CF3214 /* Classroom.h */,
				89D327621A968A4E00CF3214 /* Classroom.m */,
				89D3275E1A968A4E00CF3214 /* ClassroomBehaviors.h */,
				89D3275F1A968A4E00CF3214 /* ClassroomBehaviors.m */,
				89D3275B1A968A4D00CF3214 /* ClassroomStudents.h */,
				89D3275C1A968A4D00CF3214 /* ClassroomStudents.m */,
				89CD4EF61ABF98EC002B20D0 /* StudentBehaviors.h */,
				89CD4EF71ABF98EC002B20D0 /* StudentBehaviors.m */,
				89CD4EF91AC0E741002B20D0 /* Comments.h */,
				89CD4EFA1AC0E741002B20D0 /* Comments.m */,
			);
			name = Models;
			sourceTree = "<group>";
		};
		89C854991AD089E600740DB3 /* REST */ = {
			isa = PBXGroup;
			children = (
				89D327591A96435900CF3214 /* Reachability.m */,
				89D327581A96435900CF3214 /* Reachability.h */,
				89C8549A1AD08B8A00740DB3 /* RestController.h */,
				89C8549B1AD08B8A00740DB3 /* RestController.m */,
			);
			name = REST;
			sourceTree = "<group>";
		};
		89DA45DC1A584FA000F7E23D /* images */ = {
			isa = PBXGroup;
			children = (
			);
			name = images;
			sourceTree = "<group>";
		};
/* End PBXGroup section */

/* Begin PBXNativeTarget section */
		8907598E1A0B110B000A30DA /* Homeroom */ = {
			isa = PBXNativeTarget;
			buildConfigurationList = 890759B81A0B110B000A30DA /* Build configuration list for PBXNativeTarget "Homeroom" */;
			buildPhases = (
				8907598B1A0B110B000A30DA /* Sources */,
				8907598C1A0B110B000A30DA /* Frameworks */,
				8907598D1A0B110B000A30DA /* Resources */,
			);
			buildRules = (
			);
			dependencies = (
			);
			name = Homeroom;
			productName = BMTS;
			productReference = 8907598F1A0B110B000A30DA /* Homeroom.app */;
			productType = "com.apple.product-type.application";
		};
		890759AD1A0B110B000A30DA /* HomeroomTests */ = {
			isa = PBXNativeTarget;
			buildConfigurationList = 890759BB1A0B110B000A30DA /* Build configuration list for PBXNativeTarget "HomeroomTests" */;
			buildPhases = (
				890759AA1A0B110B000A30DA /* Sources */,
				890759AB1A0B110B000A30DA /* Frameworks */,
				890759AC1A0B110B000A30DA /* Resources */,
			);
			buildRules = (
			);
			dependencies = (
			);
			name = HomeroomTests;
			productName = BMTSTests;
			productReference = 890759AE1A0B110B000A30DA /* HomeroomTests.xctest */;
			productType = "com.apple.product-type.bundle.unit-test";
		};
/* End PBXNativeTarget section */

/* Begin PBXProject section */
		890759871A0B110B000A30DA /* Project object */ = {
			isa = PBXProject;
			attributes = {
				LastUpgradeCheck = 0610;
				ORGANIZATIONNAME = "Homeroom Technologies";
				TargetAttributes = {
					8907598E1A0B110B000A30DA = {
						CreatedOnToolsVersion = 6.1;
						DevelopmentTeam = JZ9J646EQ5;
					};
					890759AD1A0B110B000A30DA = {
						CreatedOnToolsVersion = 6.1;
						TestTargetID = 8907598E1A0B110B000A30DA;
					};
				};
			};
			buildConfigurationList = 8907598A1A0B110B000A30DA /* Build configuration list for PBXProject "Homeroom" */;
			compatibilityVersion = "Xcode 3.2";
			developmentRegion = English;
			hasScannedForEncodings = 0;
			knownRegions = (
				en,
				Base,
			);
			mainGroup = 890759861A0B110B000A30DA;
			productRefGroup = 890759901A0B110B000A30DA /* Products */;
			projectDirPath = "";
			projectRoot = "";
			targets = (
				8907598E1A0B110B000A30DA /* Homeroom */,
				890759AD1A0B110B000A30DA /* HomeroomTests */,
			);
		};
/* End PBXProject section */

/* Begin PBXResourcesBuildPhase section */
		8907598D1A0B110B000A30DA /* Resources */ = {
			isa = PBXResourcesBuildPhase;
			buildActionMask = 2147483647;
			files = (
				893BD4A21B5565B400DCB3E0 /* AppIcon-180-180.png in Resources */,
				893BD4C01B5586DC00DCB3E0 /* Icon-76.png in Resources */,
				893BD4C31B5586DC00DCB3E0 /* Icon-Small@2x.png in Resources */,
				893BD4C61B5586DC00DCB3E0 /* Icon-72.png in Resources */,
				89AF63061AA9E6A10022F035 /* listastic-2014.png in Resources */,
				890759A41A0B110B000A30DA /* Main.storyboard in Resources */,
				893BD4C51B5586DC00DCB3E0 /* Icon-60.png in Resources */,
				893BD4BE1B5586DC00DCB3E0 /* Icon-60@2x.png in Resources */,
				893BD4C71B5586DC00DCB3E0 /* Icon-72@2x.png in Resources */,
				893BD4BD1B5586DC00DCB3E0 /* Icon-40@3x.png in Resources */,
				893BD4CC1B5586DC00DCB3E0 /* iTunesArtwork.png in Resources */,
				893BD4CB1B5586DC00DCB3E0 /* Icon@2x.png in Resources */,
				893BD4C11B5586DC00DCB3E0 /* Icon-76@2x.png in Resources */,
				893BD49E1B5565B400DCB3E0 /* AppIcon-29-29.png in Resources */,
				893BD4C21B5586DC00DCB3E0 /* Icon-Small.png in Resources */,
				893BD4BF1B5586DC00DCB3E0 /* Icon-60@3x.png in Resources */,
				893BD4A01B5565B400DCB3E0 /* AppIcon-120x120.png in Resources */,
				893BD4BA1B5586DC00DCB3E0 /* Contents.json in Resources */,
				893BD49F1B5565B400DCB3E0 /* AppIcon-76x76.png in Resources */,
				893BD4CD1B5586DC00DCB3E0 /* iTunesArtwork@2x.png in Resources */,
				893BD4A11B5565B400DCB3E0 /* AppIcon-152x152.png in Resources */,
				893BD4CF1B55898300DCB3E0 /* Images.xcassets in Resources */,
				893BD4BC1B5586DC00DCB3E0 /* Icon-40@2x.png in Resources */,
				893BD4CA1B5586DC00DCB3E0 /* Icon.png in Resources */,
				893BD4BB1B5586DC00DCB3E0 /* Icon-40.png in Resources */,
				893BD4C81B5586DC00DCB3E0 /* Icon-Small-50.png in Resources */,
				893BD4C91B5586DC00DCB3E0 /* Icon-Small-50@2x.png in Resources */,
				893BD4C41B5586DC00DCB3E0 /* Icon-Small@3x.png in Resources */,
				890759A91A0B110B000A30DA /* LaunchScreen.xib in Resources */,
			);
			runOnlyForDeploymentPostprocessing = 0;
		};
		890759AC1A0B110B000A30DA /* Resources */ = {
			isa = PBXResourcesBuildPhase;
			buildActionMask = 2147483647;
			files = (
			);
			runOnlyForDeploymentPostprocessing = 0;
		};
/* End PBXResourcesBuildPhase section */

/* Begin PBXSourcesBuildPhase section */
		8907598B1A0B110B000A30DA /* Sources */ = {
			isa = PBXSourcesBuildPhase;
			buildActionMask = 2147483647;
			files = (
				8986916F1A5313C9009E8F52 /* RegisterFourViewController.m in Sources */,
				893BD4D81B55BF8E00DCB3E0 /* JBChartView.m in Sources */,
				89D327571A963FCD00CF3214 /* ReachabilityViewController.m in Sources */,
				890759D81A159C43000A30DA /* AddParentViewController.m in Sources */,
				89D277AC1AC7830200673CC2 /* StudentMainView.m in Sources */,
				89D3277B1A968A4F00CF3214 /* ClassroomParents.m in Sources */,
				8959E9A71BEFF0070016BDBE /* LQUser.m in Sources */,
				8959E9A91BEFF0070016BDBE /* LQVariable.m in Sources */,
				8959E9931BEFF0070016BDBE /* NSData+LQData.m in Sources */,
				8959E9941BEFF0070016BDBE /* NSDateFormatter+LQDateFormatter.m in Sources */,
				890759C91A159B4F000A30DA /* ForgotPasswordViewController.m in Sources */,
				89D3611D1A2366700002EF25 /* DebugViewController.m in Sources */,
				89442F6A1ABF032C007CEDFE /* StudentStatusViewController.m in Sources */,
				893BD4CE1B5586DC00DCB3E0 /* README.md in Sources */,
				89C0B91A1AE1BF6D0059F9D8 /* User.m in Sources */,
				89D327601A968A4E00CF3214 /* ClassroomBehaviors.m in Sources */,
				8907599E1A0B110B000A30DA /* DataViewController.m in Sources */,
				89D327691A968A4E00CF3214 /* UserCookie.m in Sources */,
				89B6F5851B2DD7F200CE7C06 /* TeacherIpadMainViewController.m in Sources */,
				8959E99F1BEFF0070016BDBE /* LQDevice.m in Sources */,
				89D3277E1A968A4F00CF3214 /* UserRoleEnums.m in Sources */,
				8959E9971BEFF0070016BDBE /* Liquid.m in Sources */,
				89C8549C1AD08B8A00740DB3 /* RestController.m in Sources */,
				8959E99D1BEFF0070016BDBE /* LQDataPoint.m in Sources */,
				89C8549F1AD7336100740DB3 /* ManageStudentViewController.m in Sources */,
				89D327781A968A4F00CF3214 /* Behaviors.m in Sources */,
				8959E99A1BEFF0070016BDBE /* LQNetworking.m in Sources */,
				8959E99C1BEFF0070016BDBE /* LQUserDefaults.m in Sources */,
				89CD4EFB1AC0E741002B20D0 /* Comments.m in Sources */,
				89D327631A968A4E00CF3214 /* Classroom.m in Sources */,
				89F2F6EF1A5C9523001B0D17 /* CommentViewController.m in Sources */,
				89DA45DF1A5860F000F7E23D /* TeacherMainViewController.m in Sources */,
				890759D21A159BF0000A30DA /* RegisterThreeViewController.m in Sources */,
				89F2F6F41A605A93001B0D17 /* AppDataModel.xcdatamodeld in Sources */,
				89C0B91D1AE2A4D60059F9D8 /* Feedback.m in Sources */,
				89442F671ABDD589007CEDFE /* FeedbackViewController.m in Sources */,
				89D327541A956C4300CF3214 /* SyncService.m in Sources */,
				890759981A0B110B000A30DA /* AppDelegate.m in Sources */,
				890759A11A0B110B000A30DA /* ModelController.m in Sources */,
				8959E9951BEFF0070016BDBE /* NSString+LQString.m in Sources */,
				8959E9A01BEFF0070016BDBE /* LQEntity.m in Sources */,
				8959E9A61BEFF0070016BDBE /* LQTarget.m in Sources */,
				8959E9A41BEFF0070016BDBE /* LQRequest.m in Sources */,
				8959E9A81BEFF0070016BDBE /* LQValue.m in Sources */,
				8959E9A21BEFF0070016BDBE /* LQKeychainItem.m in Sources */,
				89D3275A1A96435900CF3214 /* Reachability.m in Sources */,
				890759E11A159CAF000A30DA /* ParentViewViewController.m in Sources */,
				89FD8FD61B7D250600969754 /* IPhone5MainViewController.m in Sources */,
				89F4A7C91AC6E38600F2203F /* App.m in Sources */,
				89088C201B3C58F600F2CDC7 /* AddBehaviorViewController.m in Sources */,
				8959E9A11BEFF0070016BDBE /* LQEvent.m in Sources */,
				890759CF1A159BDB000A30DA /* RegisterTwoViewController.m in Sources */,
				89D327661A968A4E00CF3214 /* IntervalEnum.m in Sources */,
				893BD4D71B55BF8E00DCB3E0 /* JBBarChartView.m in Sources */,
				8959E9961BEFF0070016BDBE /* UIColor+LQColor.m in Sources */,
				893BD4D91B55BF8E00DCB3E0 /* JBLineChartView.m in Sources */,
				89CD4EF81ABF98EC002B20D0 /* StudentBehaviors.m in Sources */,
				89D3276F1A968A4F00CF3214 /* StatusEnums.m in Sources */,
				8959E9AB1BF8E3490016BDBE /* DeviceUID.m in Sources */,
				8959E99B1BEFF0070016BDBE /* LQStorage.m in Sources */,
				89D3275D1A968A4D00CF3214 /* ClassroomStudents.m in Sources */,
				89442F6F1ABF10B7007CEDFE /* UserUIBarButtonItem.m in Sources */,
				8959E9A31BEFF0070016BDBE /* LQLiquidPackage.m in Sources */,
				8959E9A51BEFF0070016BDBE /* LQSession.m in Sources */,
				890759CC1A159BBC000A30DA /* RegisterOneViewController.m in Sources */,
				8959E9991BEFF0070016BDBE /* LQKeychain.m in Sources */,
				890759951A0B110B000A30DA /* main.m in Sources */,
				89DA45E21A59994F00F7E23D /* AvatarViewController.m in Sources */,
				89D327751A968A4F00CF3214 /* PaidEnum.m in Sources */,
				8959E9B01BFB87C20016BDBE /* StudentViewController.m in Sources */,
				8936AC5C1C0CCD41001844A8 /* CustomModalSegue.m in Sources */,
				8959E9981BEFF0070016BDBE /* LQHelpers.m in Sources */,
				890759D51A159C23000A30DA /* AddStudentViewController.m in Sources */,
				8907599B1A0B110B000A30DA /* RootViewController.m in Sources */,
				89D3276C1A968A4F00CF3214 /* Status.m in Sources */,
				8959E99E1BEFF0070016BDBE /* LQDate.m in Sources */,
			);
			runOnlyForDeploymentPostprocessing = 0;
		};
		890759AA1A0B110B000A30DA /* Sources */ = {
			isa = PBXSourcesBuildPhase;
			buildActionMask = 2147483647;
			files = (
			);
			runOnlyForDeploymentPostprocessing = 0;
		};
/* End PBXSourcesBuildPhase section */

/* Begin PBXVariantGroup section */
		890759A21A0B110B000A30DA /* Main.storyboard */ = {
			isa = PBXVariantGroup;
			children = (
				890759A31A0B110B000A30DA /* Base */,
			);
			name = Main.storyboard;
			sourceTree = "<group>";
		};
		890759A71A0B110B000A30DA /* LaunchScreen.xib */ = {
			isa = PBXVariantGroup;
			children = (
				890759A81A0B110B000A30DA /* Base */,
			);
			name = LaunchScreen.xib;
			sourceTree = "<group>";
		};
/* End PBXVariantGroup section */

/* Begin XCBuildConfiguration section */
		890759B61A0B110B000A30DA /* Debug */ = {
			isa = XCBuildConfiguration;
			buildSettings = {
				ALWAYS_SEARCH_USER_PATHS = NO;
				CLANG_CXX_LANGUAGE_STANDARD = "gnu++0x";
				CLANG_CXX_LIBRARY = "libc++";
				CLANG_ENABLE_MODULES = YES;
				CLANG_ENABLE_OBJC_ARC = YES;
				CLANG_WARN_BOOL_CONVERSION = YES;
				CLANG_WARN_CONSTANT_CONVERSION = YES;
				CLANG_WARN_DIRECT_OBJC_ISA_USAGE = YES_ERROR;
				CLANG_WARN_EMPTY_BODY = YES;
				CLANG_WARN_ENUM_CONVERSION = YES;
				CLANG_WARN_INT_CONVERSION = YES;
				CLANG_WARN_OBJC_ROOT_CLASS = YES_ERROR;
				CLANG_WARN_UNREACHABLE_CODE = YES;
				CLANG_WARN__DUPLICATE_METHOD_MATCH = YES;
				"CODE_SIGN_IDENTITY[sdk=iphoneos*]" = "iPhone Developer";
				COPY_PHASE_STRIP = NO;
				ENABLE_STRICT_OBJC_MSGSEND = YES;
				GCC_C_LANGUAGE_STANDARD = gnu99;
				GCC_DYNAMIC_NO_PIC = NO;
				GCC_OPTIMIZATION_LEVEL = 0;
				GCC_PREPROCESSOR_DEFINITIONS = (
					"DEBUG=1",
					"$(inherited)",
				);
				GCC_SYMBOLS_PRIVATE_EXTERN = NO;
				GCC_WARN_64_TO_32_BIT_CONVERSION = YES;
				GCC_WARN_ABOUT_RETURN_TYPE = YES_ERROR;
				GCC_WARN_UNDECLARED_SELECTOR = YES;
				GCC_WARN_UNINITIALIZED_AUTOS = YES_AGGRESSIVE;
				GCC_WARN_UNUSED_FUNCTION = YES;
				GCC_WARN_UNUSED_VARIABLE = YES;
				IPHONEOS_DEPLOYMENT_TARGET = 8.1;
				MTL_ENABLE_DEBUG_INFO = YES;
				ONLY_ACTIVE_ARCH = YES;
				SDKROOT = iphoneos;
				TARGETED_DEVICE_FAMILY = "1,2";
				VERSIONING_SYSTEM = "apple-generic";
			};
			name = Debug;
		};
		890759B71A0B110B000A30DA /* Release */ = {
			isa = XCBuildConfiguration;
			buildSettings = {
				ALWAYS_SEARCH_USER_PATHS = NO;
				CLANG_CXX_LANGUAGE_STANDARD = "gnu++0x";
				CLANG_CXX_LIBRARY = "libc++";
				CLANG_ENABLE_MODULES = YES;
				CLANG_ENABLE_OBJC_ARC = YES;
				CLANG_WARN_BOOL_CONVERSION = YES;
				CLANG_WARN_CONSTANT_CONVERSION = YES;
				CLANG_WARN_DIRECT_OBJC_ISA_USAGE = YES_ERROR;
				CLANG_WARN_EMPTY_BODY = YES;
				CLANG_WARN_ENUM_CONVERSION = YES;
				CLANG_WARN_INT_CONVERSION = YES;
				CLANG_WARN_OBJC_ROOT_CLASS = YES_ERROR;
				CLANG_WARN_UNREACHABLE_CODE = YES;
				CLANG_WARN__DUPLICATE_METHOD_MATCH = YES;
				"CODE_SIGN_IDENTITY[sdk=iphoneos*]" = "iPhone Developer";
				COPY_PHASE_STRIP = YES;
				ENABLE_NS_ASSERTIONS = NO;
				ENABLE_STRICT_OBJC_MSGSEND = YES;
				GCC_C_LANGUAGE_STANDARD = gnu99;
				GCC_WARN_64_TO_32_BIT_CONVERSION = YES;
				GCC_WARN_ABOUT_RETURN_TYPE = YES_ERROR;
				GCC_WARN_UNDECLARED_SELECTOR = YES;
				GCC_WARN_UNINITIALIZED_AUTOS = YES_AGGRESSIVE;
				GCC_WARN_UNUSED_FUNCTION = YES;
				GCC_WARN_UNUSED_VARIABLE = YES;
				IPHONEOS_DEPLOYMENT_TARGET = 8.1;
				MTL_ENABLE_DEBUG_INFO = NO;
				ONLY_ACTIVE_ARCH = YES;
				SDKROOT = iphoneos;
				TARGETED_DEVICE_FAMILY = "1,2";
				VALIDATE_PRODUCT = YES;
				VERSIONING_SYSTEM = "apple-generic";
			};
			name = Release;
		};
		890759B91A0B110B000A30DA /* Debug */ = {
			isa = XCBuildConfiguration;
			buildSettings = {
				ASSETCATALOG_COMPILER_APPICON_NAME = "AppIcon-1";
				ASSETCATALOG_COMPILER_LAUNCHIMAGE_NAME = LaunchImage;
				CODE_SIGN_IDENTITY = "iPhone Developer";
				"CODE_SIGN_IDENTITY[sdk=iphoneos*]" = "iPhone Developer";
				INFOPLIST_FILE = BMTS/Info.plist;
				IPHONEOS_DEPLOYMENT_TARGET = 8.0;
				LD_RUNPATH_SEARCH_PATHS = "$(inherited) @executable_path/Frameworks";
				PRODUCT_NAME = Homeroom;
				PROVISIONING_PROFILE = "";
			};
			name = Debug;
		};
		890759BA1A0B110B000A30DA /* Release */ = {
			isa = XCBuildConfiguration;
			buildSettings = {
				ASSETCATALOG_COMPILER_APPICON_NAME = "AppIcon-1";
				ASSETCATALOG_COMPILER_LAUNCHIMAGE_NAME = LaunchImage;
				CODE_SIGN_IDENTITY = "iPhone Distribution";
				"CODE_SIGN_IDENTITY[sdk=iphoneos*]" = "iPhone Developer";
				INFOPLIST_FILE = BMTS/Info.plist;
				IPHONEOS_DEPLOYMENT_TARGET = 8.0;
				LD_RUNPATH_SEARCH_PATHS = "$(inherited) @executable_path/Frameworks";
				ONLY_ACTIVE_ARCH = YES;
				PRODUCT_NAME = Homeroom;
				PROVISIONING_PROFILE = "";
			};
			name = Release;
		};
		890759BC1A0B110B000A30DA /* Debug */ = {
			isa = XCBuildConfiguration;
			buildSettings = {
				FRAMEWORK_SEARCH_PATHS = (
					"$(SDKROOT)/Developer/Library/Frameworks",
					"$(inherited)",
				);
				GCC_PREPROCESSOR_DEFINITIONS = (
					"DEBUG=1",
					"$(inherited)",
				);
				INFOPLIST_FILE = BMTSTests/Info.plist;
				LD_RUNPATH_SEARCH_PATHS = "$(inherited) @executable_path/Frameworks @loader_path/Frameworks";
				PRODUCT_NAME = HomeroomTests;
				TEST_HOST = "$(BUILT_PRODUCTS_DIR)/Homeroom.app/Homeroom";
			};
			name = Debug;
		};
		890759BD1A0B110B000A30DA /* Release */ = {
			isa = XCBuildConfiguration;
			buildSettings = {
				FRAMEWORK_SEARCH_PATHS = (
					"$(SDKROOT)/Developer/Library/Frameworks",
					"$(inherited)",
				);
				INFOPLIST_FILE = BMTSTests/Info.plist;
				LD_RUNPATH_SEARCH_PATHS = "$(inherited) @executable_path/Frameworks @loader_path/Frameworks";
				PRODUCT_NAME = HomeroomTests;
				TEST_HOST = "$(BUILT_PRODUCTS_DIR)/Homeroom.app/Homeroom";
			};
			name = Release;
		};
/* End XCBuildConfiguration section */

/* Begin XCConfigurationList section */
		8907598A1A0B110B000A30DA /* Build configuration list for PBXProject "Homeroom" */ = {
			isa = XCConfigurationList;
			buildConfigurations = (
				890759B61A0B110B000A30DA /* Debug */,
				890759B71A0B110B000A30DA /* Release */,
			);
			defaultConfigurationIsVisible = 0;
			defaultConfigurationName = Release;
		};
		890759B81A0B110B000A30DA /* Build configuration list for PBXNativeTarget "Homeroom" */ = {
			isa = XCConfigurationList;
			buildConfigurations = (
				890759B91A0B110B000A30DA /* Debug */,
				890759BA1A0B110B000A30DA /* Release */,
			);
			defaultConfigurationIsVisible = 0;
			defaultConfigurationName = Release;
		};
		890759BB1A0B110B000A30DA /* Build configuration list for PBXNativeTarget "HomeroomTests" */ = {
			isa = XCConfigurationList;
			buildConfigurations = (
				890759BC1A0B110B000A30DA /* Debug */,
				890759BD1A0B110B000A30DA /* Release */,
			);
			defaultConfigurationIsVisible = 0;
			defaultConfigurationName = Release;
		};
/* End XCConfigurationList section */

/* Begin XCVersionGroup section */
		89F2F6F21A605A93001B0D17 /* AppDataModel.xcdatamodeld */ = {
			isa = XCVersionGroup;
			children = (
				8959E9AD1BF92E350016BDBE /* AppDataModel 2.xcdatamodel */,
				89F2F6F31A605A93001B0D17 /* AppDataModel.xcdatamodel */,
			);
			currentVersion = 89F2F6F31A605A93001B0D17 /* AppDataModel.xcdatamodel */;
			path = AppDataModel.xcdatamodeld;
			sourceTree = "<group>";
			versionGroupType = wrapper.xcdatamodel;
		};
/* End XCVersionGroup section */
	};
	rootObject = 890759871A0B110B000A30DA /* Project object */;
}
